// !$*UTF8*$!
{
	archiveVersion = 1;
	classes = {
	};
	objectVersion = 46;
	objects = {

/* Begin PBXBuildFile section */
		ABD9DE11132B998800AA055A /* UIKit.framework in Frameworks */ = {isa = PBXBuildFile; fileRef = ABD9DE10132B998800AA055A /* UIKit.framework */; };
		ABD9DE13132B998800AA055A /* Foundation.framework in Frameworks */ = {isa = PBXBuildFile; fileRef = ABD9DE12132B998800AA055A /* Foundation.framework */; };
		ABD9DE15132B998800AA055A /* CoreGraphics.framework in Frameworks */ = {isa = PBXBuildFile; fileRef = ABD9DE14132B998800AA055A /* CoreGraphics.framework */; };
		ABD9DE1B132B998800AA055A /* InfoPlist.strings in Resources */ = {isa = PBXBuildFile; fileRef = ABD9DE19132B998800AA055A /* InfoPlist.strings */; };
		ABD9DE1E132B998800AA055A /* main.m in Sources */ = {isa = PBXBuildFile; fileRef = ABD9DE1D132B998800AA055A /* main.m */; };
		ABD9DE21132B998800AA055A /* AccessoryTableViewAppDelegate.m in Sources */ = {isa = PBXBuildFile; fileRef = ABD9DE20132B998800AA055A /* AccessoryTableViewAppDelegate.m */; };
		ABD9DE24132B998800AA055A /* MainWindow.xib in Resources */ = {isa = PBXBuildFile; fileRef = ABD9DE22132B998800AA055A /* MainWindow.xib */; };
		ABD9DE27132B998800AA055A /* AccessoryTableViewController.m in Sources */ = {isa = PBXBuildFile; fileRef = ABD9DE26132B998800AA055A /* AccessoryTableViewController.m */; };
/* End PBXBuildFile section */

/* Begin PBXFileReference section */
		ABD9DE0C132B998800AA055A /* AccessoryTableView.app */ = {isa = PBXFileReference; explicitFileType = wrapper.application; includeInIndex = 0; path = AccessoryTableView.app; sourceTree = BUILT_PRODUCTS_DIR; };
		ABD9DE10132B998800AA055A /* UIKit.framework */ = {isa = PBXFileReference; lastKnownFileType = wrapper.framework; name = UIKit.framework; path = System/Library/Frameworks/UIKit.framework; sourceTree = SDKROOT; };
		ABD9DE12132B998800AA055A /* Foundation.framework */ = {isa = PBXFileReference; lastKnownFileType = wrapper.framework; name = Foundation.framework; path = System/Library/Frameworks/Foundation.framework; sourceTree = SDKROOT; };
		ABD9DE14132B998800AA055A /* CoreGraphics.framework */ = {isa = PBXFileReference; lastKnownFileType = wrapper.framework; name = CoreGraphics.framework; path = System/Library/Frameworks/CoreGraphics.framework; sourceTree = SDKROOT; };
		ABD9DE18132B998800AA055A /* AccessoryTableView-Info.plist */ = {isa = PBXFileReference; lastKnownFileType = text.plist.xml; path = "AccessoryTableView-Info.plist"; sourceTree = "<group>"; };
		ABD9DE1A132B998800AA055A /* en */ = {isa = PBXFileReference; lastKnownFileType = text.plist.strings; name = en; path = en.lproj/InfoPlist.strings; sourceTree = "<group>"; };
		ABD9DE1C132B998800AA055A /* AccessoryTableView-Prefix.pch */ = {isa = PBXFileReference; lastKnownFileType = sourcecode.c.h; path = "AccessoryTableView-Prefix.pch"; sourceTree = "<group>"; };
		ABD9DE1D132B998800AA055A /* main.m */ = {isa = PBXFileReference; lastKnownFileType = sourcecode.c.objc; path = main.m; sourceTree = "<group>"; };
		ABD9DE1F132B998800AA055A /* AccessoryTableViewAppDelegate.h */ = {isa = PBXFileReference; lastKnownFileType = sourcecode.c.h; path = AccessoryTableViewAppDelegate.h; sourceTree = "<group>"; };
		ABD9DE20132B998800AA055A /* AccessoryTableViewAppDelegate.m */ = {isa = PBXFileReference; lastKnownFileType = sourcecode.c.objc; path = AccessoryTableViewAppDelegate.m; sourceTree = "<group>"; };
		ABD9DE23132B998800AA055A /* en */ = {isa = PBXFileReference; lastKnownFileType = file.xib; name = en; path = en.lproj/MainWindow.xib; sourceTree = "<group>"; };
		ABD9DE25132B998800AA055A /* AccessoryTableViewController.h */ = {isa = PBXFileReference; path = AccessoryTableViewController.h; sourceTree = "<group>"; };
		ABD9DE26132B998800AA055A /* AccessoryTableViewController.m */ = {isa = PBXFileReference; lastKnownFileType = sourcecode.c.objc; path = AccessoryTableViewController.m; sourceTree = "<group>"; };
/* End PBXFileReference section */

/* Begin PBXFrameworksBuildPhase section */
		ABD9DE09132B998800AA055A /* Frameworks */ = {
			isa = PBXFrameworksBuildPhase;
			buildActionMask = 2147483647;
			files = (
				ABD9DE11132B998800AA055A /* UIKit.framework in Frameworks */,
				ABD9DE13132B998800AA055A /* Foundation.framework in Frameworks */,
				ABD9DE15132B998800AA055A /* CoreGraphics.framework in Frameworks */,
			);
			runOnlyForDeploymentPostprocessing = 0;
		};
/* End PBXFrameworksBuildPhase section */

/* Begin PBXGroup section */
		ABD9DE01132B998800AA055A = {
			isa = PBXGroup;
			children = (
				ABD9DE16132B998800AA055A /* AccessoryTableView */,
				ABD9DE0F132B998800AA055A /* Frameworks */,
				ABD9DE0D132B998800AA055A /* Products */,
			);
			sourceTree = "<group>";
		};
		ABD9DE0D132B998800AA055A /* Products */ = {
			isa = PBXGroup;
			children = (
				ABD9DE0C132B998800AA055A /* AccessoryTableView.app */,
			);
			name = Products;
			sourceTree = "<group>";
		};
		ABD9DE0F132B998800AA055A /* Frameworks */ = {
			isa = PBXGroup;
			children = (
				ABD9DE10132B998800AA055A /* UIKit.framework */,
				ABD9DE12132B998800AA055A /* Foundation.framework */,
				ABD9DE14132B998800AA055A /* CoreGraphics.framework */,
			);
			name = Frameworks;
			sourceTree = "<group>";
		};
		ABD9DE16132B998800AA055A /* AccessoryTableView */ = {
			isa = PBXGroup;
			children = (
				ABD9DE1F132B998800AA055A /* AccessoryTableViewAppDelegate.h */,
				ABD9DE20132B998800AA055A /* AccessoryTableViewAppDelegate.m */,
				ABD9DE22132B998800AA055A /* MainWindow.xib */,
				ABD9DE25132B998800AA055A /* AccessoryTableViewController.h */,
				ABD9DE26132B998800AA055A /* AccessoryTableViewController.m */,
				ABD9DE17132B998800AA055A /* Supporting Files */,
			);
			path = AccessoryTableView;
			sourceTree = "<group>";
		};
		ABD9DE17132B998800AA055A /* Supporting Files */ = {
			isa = PBXGroup;
			children = (
				ABD9DE18132B998800AA055A /* AccessoryTableView-Info.plist */,
				ABD9DE19132B998800AA055A /* InfoPlist.strings */,
				ABD9DE1C132B998800AA055A /* AccessoryTableView-Prefix.pch */,
				ABD9DE1D132B998800AA055A /* main.m */,
			);
			name = "Supporting Files";
			sourceTree = "<group>";
		};
/* End PBXGroup section */

/* Begin PBXNativeTarget section */
		ABD9DE0B132B998800AA055A /* AccessoryTableView */ = {
			isa = PBXNativeTarget;
			buildConfigurationList = ABD9DE2D132B998800AA055A /* Build configuration list for PBXNativeTarget "AccessoryTableView" */;
			buildPhases = (
				ABD9DE08132B998800AA055A /* Sources */,
				ABD9DE09132B998800AA055A /* Frameworks */,
				ABD9DE0A132B998800AA055A /* Resources */,
			);
			buildRules = (
			);
			dependencies = (
			);
			name = AccessoryTableView;
			productName = AccessoryTableView;
			productReference = ABD9DE0C132B998800AA055A /* AccessoryTableView.app */;
			productType = "com.apple.product-type.application";
		};
/* End PBXNativeTarget section */

/* Begin PBXProject section */
		ABD9DE03132B998800AA055A /* Project object */ = {
			isa = PBXProject;
			buildConfigurationList = ABD9DE06132B998800AA055A /* Build configuration list for PBXProject "AccessoryTableView" */;
			compatibilityVersion = "Xcode 3.2";
			developmentRegion = English;
			hasScannedForEncodings = 0;
			knownRegions = (
				en,
			);
			mainGroup = ABD9DE01132B998800AA055A;
			productRefGroup = ABD9DE0D132B998800AA055A /* Products */;
			projectDirPath = "";
			projectRoot = "";
			targets = (
				ABD9DE0B132B998800AA055A /* AccessoryTableView */,
			);
		};
/* End PBXProject section */

/* Begin PBXResourcesBuildPhase section */
		ABD9DE0A132B998800AA055A /* Resources */ = {
			isa = PBXResourcesBuildPhase;
			buildActionMask = 2147483647;
			files = (
				ABD9DE1B132B998800AA055A /* InfoPlist.strings in Resources */,
				ABD9DE24132B998800AA055A /* MainWindow.xib in Resources */,
			);
			runOnlyForDeploymentPostprocessing = 0;
		};
/* End PBXResourcesBuildPhase section */

/* Begin PBXSourcesBuildPhase section */
		ABD9DE08132B998800AA055A /* Sources */ = {
			isa = PBXSourcesBuildPhase;
			buildActionMask = 2147483647;
			files = (
				ABD9DE1E132B998800AA055A /* main.m in Sources */,
				ABD9DE21132B998800AA055A /* AccessoryTableViewAppDelegate.m in Sources */,
				ABD9DE27132B998800AA055A /* AccessoryTableViewController.m in Sources */,
			);
			runOnlyForDeploymentPostprocessing = 0;
		};
/* End PBXSourcesBuildPhase section */

/* Begin PBXVariantGroup section */
		ABD9DE19132B998800AA055A /* InfoPlist.strings */ = {
			isa = PBXVariantGroup;
			children = (
				ABD9DE1A132B998800AA055A /* en */,
			);
			name = InfoPlist.strings;
			sourceTree = "<group>";
		};
		ABD9DE22132B998800AA055A /* MainWindow.xib */ = {
			isa = PBXVariantGroup;
			children = (
				ABD9DE23132B998800AA055A /* en */,
			);
			name = MainWindow.xib;
			sourceTree = "<group>";
		};
/* End PBXVariantGroup section */

/* Begin XCBuildConfiguration section */
		ABD9DE2B132B998800AA055A /* Debug */ = {
			isa = XCBuildConfiguration;
			buildSettings = {
				ARCHS = "$(ARCHS_STANDARD_32_BIT)";
				"CODE_SIGN_IDENTITY[sdk=iphoneos*]" = "iPhone Developer";
				GCC_C_LANGUAGE_STANDARD = gnu99;
				GCC_OPTIMIZATION_LEVEL = 0;
				GCC_PREPROCESSOR_DEFINITIONS = DEBUG;
				GCC_SYMBOLS_PRIVATE_EXTERN = NO;
				GCC_VERSION = com.apple.compilers.llvmgcc42;
				GCC_WARN_ABOUT_RETURN_TYPE = YES;
				GCC_WARN_UNUSED_VARIABLE = YES;
				IPHONEOS_DEPLOYMENT_TARGET = 4.3;
				SDKROOT = iphoneos;
			};
			name = Debug;
		};
		ABD9DE2C132B998800AA055A /* Release */ = {
			isa = XCBuildConfiguration;
			buildSettings = {
				ARCHS = "$(ARCHS_STANDARD_32_BIT)";
				"CODE_SIGN_IDENTITY[sdk=iphoneos*]" = "iPhone Developer";
				GCC_C_LANGUAGE_STANDARD = gnu99;
				GCC_VERSION = com.apple.compilers.llvmgcc42;
				GCC_WARN_ABOUT_RETURN_TYPE = YES;
				GCC_WARN_UNUSED_VARIABLE = YES;
				IPHONEOS_DEPLOYMENT_TARGET = 4.3;
				OTHER_CFLAGS = "-DNS_BLOCK_ASSERTIONS=1";
				SDKROOT = iphoneos;
			};
			name = Release;
		};
		ABD9DE2E132B998800AA055A /* Debug */ = {
			isa = XCBuildConfiguration;
			buildSettings = {
				ALWAYS_SEARCH_USER_PATHS = NO;
				COPY_PHASE_STRIP = NO;
				GCC_DYNAMIC_NO_PIC = NO;
				GCC_PRECOMPILE_PREFIX_HEADER = YES;
				GCC_PREFIX_HEADER = "AccessoryTableView/AccessoryTableView-Prefix.pch";
				INFOPLIST_FILE = "AccessoryTableView/AccessoryTableView-Info.plist";
				PRODUCT_NAME = "$(TARGET_NAME)";
				WRAPPER_EXTENSION = app;
			};
			name = Debug;
		};
		ABD9DE2F132B998800AA055A /* Release */ = {
			isa = XCBuildConfiguration;
			buildSettings = {
				ALWAYS_SEARCH_USER_PATHS = NO;
				COPY_PHASE_STRIP = YES;
				GCC_PRECOMPILE_PREFIX_HEADER = YES;
				GCC_PREFIX_HEADER = "AccessoryTableView/AccessoryTableView-Prefix.pch";
				INFOPLIST_FILE = "AccessoryTableView/AccessoryTableView-Info.plist";
				PRODUCT_NAME = "$(TARGET_NAME)";
				VALIDATE_PRODUCT = YES;
				WRAPPER_EXTENSION = app;
			};
			name = Release;
		};
/* End XCBuildConfiguration section */

/* Begin XCConfigurationList section */
		ABD9DE06132B998800AA055A /* Build configuration list for PBXProject "AccessoryTableView" */ = {
			isa = XCConfigurationList;
			buildConfigurations = (
				ABD9DE2B132B998800AA055A /* Debug */,
				ABD9DE2C132B998800AA055A /* Release */,
			);
			defaultConfigurationIsVisible = 0;
			defaultConfigurationName = Release;
		};
		ABD9DE2D132B998800AA055A /* Build configuration list for PBXNativeTarget "AccessoryTableView" */ = {
			isa = XCConfigurationList;
			buildConfigurations = (
				ABD9DE2E132B998800AA055A /* Debug */,
				ABD9DE2F132B998800AA055A /* Release */,
			);
			defaultConfigurationIsVisible = 0;
		};
/* End XCConfigurationList section */
	};
	rootObject = ABD9DE03132B998800AA055A /* Project object */;
}
