// !$*UTF8*$!
{
	archiveVersion = 1;
	classes = {
	};
	objectVersion = 46;
	objects = {

/* Begin PBXBuildFile section */
		4018E4AF1609071400B86C24 /* UIKit.framework in Frameworks */ = {isa = PBXBuildFile; fileRef = 4018E4AE1609071400B86C24 /* UIKit.framework */; };
		4018E4B11609071400B86C24 /* Foundation.framework in Frameworks */ = {isa = PBXBuildFile; fileRef = 4018E4B01609071400B86C24 /* Foundation.framework */; };
		4018E4B31609071400B86C24 /* CoreGraphics.framework in Frameworks */ = {isa = PBXBuildFile; fileRef = 4018E4B21609071400B86C24 /* CoreGraphics.framework */; };
		4018E4B91609071400B86C24 /* InfoPlist.strings in Resources */ = {isa = PBXBuildFile; fileRef = 4018E4B71609071400B86C24 /* InfoPlist.strings */; };
		4018E4BB1609071400B86C24 /* main.m in Sources */ = {isa = PBXBuildFile; fileRef = 4018E4BA1609071400B86C24 /* main.m */; };
		4018E4BF1609071400B86C24 /* KMRAppDelegate.m in Sources */ = {isa = PBXBuildFile; fileRef = 4018E4BE1609071400B86C24 /* KMRAppDelegate.m */; };
		4018E4C21609071400B86C24 /* KMRViewController.m in Sources */ = {isa = PBXBuildFile; fileRef = 4018E4C11609071400B86C24 /* KMRViewController.m */; };
		4018E4C51609071400B86C24 /* KMRViewController.xib in Resources */ = {isa = PBXBuildFile; fileRef = 4018E4C31609071400B86C24 /* KMRViewController.xib */; };
		407E5462162598B600DD4BC1 /* CryptoUtils.m in Sources */ = {isa = PBXBuildFile; fileRef = 407E5461162598B600DD4BC1 /* CryptoUtils.m */; };
/* End PBXBuildFile section */

/* Begin PBXFileReference section */
		4018E4AA1609071400B86C24 /* iclous.app */ = {isa = PBXFileReference; explicitFileType = wrapper.application; includeInIndex = 0; path = iclous.app; sourceTree = BUILT_PRODUCTS_DIR; };
		4018E4AE1609071400B86C24 /* UIKit.framework */ = {isa = PBXFileReference; lastKnownFileType = wrapper.framework; name = UIKit.framework; path = System/Library/Frameworks/UIKit.framework; sourceTree = SDKROOT; };
		4018E4B01609071400B86C24 /* Foundation.framework */ = {isa = PBXFileReference; lastKnownFileType = wrapper.framework; name = Foundation.framework; path = System/Library/Frameworks/Foundation.framework; sourceTree = SDKROOT; };
		4018E4B21609071400B86C24 /* CoreGraphics.framework */ = {isa = PBXFileReference; lastKnownFileType = wrapper.framework; name = CoreGraphics.framework; path = System/Library/Frameworks/CoreGraphics.framework; sourceTree = SDKROOT; };
		4018E4B61609071400B86C24 /* iclous-Info.plist */ = {isa = PBXFileReference; lastKnownFileType = text.plist.xml; path = "iclous-Info.plist"; sourceTree = "<group>"; };
		4018E4B81609071400B86C24 /* en */ = {isa = PBXFileReference; lastKnownFileType = text.plist.strings; name = en; path = en.lproj/InfoPlist.strings; sourceTree = "<group>"; };
		4018E4BA1609071400B86C24 /* main.m */ = {isa = PBXFileReference; lastKnownFileType = sourcecode.c.objc; path = main.m; sourceTree = "<group>"; };
		4018E4BC1609071400B86C24 /* iclous-Prefix.pch */ = {isa = PBXFileReference; lastKnownFileType = sourcecode.c.h; path = "iclous-Prefix.pch"; sourceTree = "<group>"; };
		4018E4BD1609071400B86C24 /* KMRAppDelegate.h */ = {isa = PBXFileReference; lastKnownFileType = sourcecode.c.h; path = KMRAppDelegate.h; sourceTree = "<group>"; };
		4018E4BE1609071400B86C24 /* KMRAppDelegate.m */ = {isa = PBXFileReference; lastKnownFileType = sourcecode.c.objc; path = KMRAppDelegate.m; sourceTree = "<group>"; };
		4018E4C01609071400B86C24 /* KMRViewController.h */ = {isa = PBXFileReference; lastKnownFileType = sourcecode.c.h; path = KMRViewController.h; sourceTree = "<group>"; };
		4018E4C11609071400B86C24 /* KMRViewController.m */ = {isa = PBXFileReference; lastKnownFileType = sourcecode.c.objc; path = KMRViewController.m; sourceTree = "<group>"; };
		4018E4C41609071400B86C24 /* en */ = {isa = PBXFileReference; lastKnownFileType = file.xib; name = en; path = en.lproj/KMRViewController.xib; sourceTree = "<group>"; };
		4018E4CB1609071B00B86C24 /* iclous.entitlements */ = {isa = PBXFileReference; lastKnownFileType = text.xml; path = iclous.entitlements; sourceTree = "<group>"; };
		407E5460162598B600DD4BC1 /* CryptoUtils.h */ = {isa = PBXFileReference; fileEncoding = 4; lastKnownFileType = sourcecode.c.h; path = CryptoUtils.h; sourceTree = "<group>"; };
		407E5461162598B600DD4BC1 /* CryptoUtils.m */ = {isa = PBXFileReference; fileEncoding = 4; lastKnownFileType = sourcecode.c.objc; path = CryptoUtils.m; sourceTree = "<group>"; };
/* End PBXFileReference section */

/* Begin PBXFrameworksBuildPhase section */
		4018E4A71609071400B86C24 /* Frameworks */ = {
			isa = PBXFrameworksBuildPhase;
			buildActionMask = 2147483647;
			files = (
				4018E4AF1609071400B86C24 /* UIKit.framework in Frameworks */,
				4018E4B11609071400B86C24 /* Foundation.framework in Frameworks */,
				4018E4B31609071400B86C24 /* CoreGraphics.framework in Frameworks */,
			);
			runOnlyForDeploymentPostprocessing = 0;
		};
/* End PBXFrameworksBuildPhase section */

/* Begin PBXGroup section */
		4018E49F1609071400B86C24 = {
			isa = PBXGroup;
			children = (
				4018E4B41609071400B86C24 /* iclous */,
				4018E4AD1609071400B86C24 /* Frameworks */,
				4018E4AB1609071400B86C24 /* Products */,
			);
			sourceTree = "<group>";
		};
		4018E4AB1609071400B86C24 /* Products */ = {
			isa = PBXGroup;
			children = (
				4018E4AA1609071400B86C24 /* iclous.app */,
			);
			name = Products;
			sourceTree = "<group>";
		};
		4018E4AD1609071400B86C24 /* Frameworks */ = {
			isa = PBXGroup;
			children = (
				4018E4AE1609071400B86C24 /* UIKit.framework */,
				4018E4B01609071400B86C24 /* Foundation.framework */,
				4018E4B21609071400B86C24 /* CoreGraphics.framework */,
			);
			name = Frameworks;
			sourceTree = "<group>";
		};
		4018E4B41609071400B86C24 /* iclous */ = {
			isa = PBXGroup;
			children = (
				4018E4CB1609071B00B86C24 /* iclous.entitlements */,
				407E5460162598B600DD4BC1 /* CryptoUtils.h */,
				407E5461162598B600DD4BC1 /* CryptoUtils.m */,
				4018E4BD1609071400B86C24 /* KMRAppDelegate.h */,
				4018E4BE1609071400B86C24 /* KMRAppDelegate.m */,
				4018E4C01609071400B86C24 /* KMRViewController.h */,
				4018E4C11609071400B86C24 /* KMRViewController.m */,
				4018E4C31609071400B86C24 /* KMRViewController.xib */,
				4018E4B51609071400B86C24 /* Supporting Files */,
			);
			path = iclous;
			sourceTree = "<group>";
		};
		4018E4B51609071400B86C24 /* Supporting Files */ = {
			isa = PBXGroup;
			children = (
				4018E4B61609071400B86C24 /* iclous-Info.plist */,
				4018E4B71609071400B86C24 /* InfoPlist.strings */,
				4018E4BA1609071400B86C24 /* main.m */,
				4018E4BC1609071400B86C24 /* iclous-Prefix.pch */,
			);
			name = "Supporting Files";
			sourceTree = "<group>";
		};
/* End PBXGroup section */

/* Begin PBXNativeTarget section */
		4018E4A91609071400B86C24 /* iclous */ = {
			isa = PBXNativeTarget;
			buildConfigurationList = 4018E4C81609071400B86C24 /* Build configuration list for PBXNativeTarget "iclous" */;
			buildPhases = (
				4018E4A61609071400B86C24 /* Sources */,
				4018E4A71609071400B86C24 /* Frameworks */,
				4018E4A81609071400B86C24 /* Resources */,
			);
			buildRules = (
			);
			dependencies = (
			);
			name = iclous;
			productName = iclous;
			productReference = 4018E4AA1609071400B86C24 /* iclous.app */;
			productType = "com.apple.product-type.application";
		};
/* End PBXNativeTarget section */

/* Begin PBXProject section */
		4018E4A11609071400B86C24 /* Project object */ = {
			isa = PBXProject;
			attributes = {
				CLASSPREFIX = KMR;
				LastUpgradeCheck = 0450;
				ORGANIZATIONNAME = "Foobar Ltd.";
			};
			buildConfigurationList = 4018E4A41609071400B86C24 /* Build configuration list for PBXProject "iclous" */;
			compatibilityVersion = "Xcode 3.2";
			developmentRegion = English;
			hasScannedForEncodings = 0;
			knownRegions = (
				en,
			);
			mainGroup = 4018E49F1609071400B86C24;
			productRefGroup = 4018E4AB1609071400B86C24 /* Products */;
			projectDirPath = "";
			projectRoot = "";
			targets = (
				4018E4A91609071400B86C24 /* iclous */,
			);
		};
/* End PBXProject section */

/* Begin PBXResourcesBuildPhase section */
		4018E4A81609071400B86C24 /* Resources */ = {
			isa = PBXResourcesBuildPhase;
			buildActionMask = 2147483647;
			files = (
				4018E4B91609071400B86C24 /* InfoPlist.strings in Resources */,
				4018E4C51609071400B86C24 /* KMRViewController.xib in Resources */,
			);
			runOnlyForDeploymentPostprocessing = 0;
		};
/* End PBXResourcesBuildPhase section */

/* Begin PBXSourcesBuildPhase section */
		4018E4A61609071400B86C24 /* Sources */ = {
			isa = PBXSourcesBuildPhase;
			buildActionMask = 2147483647;
			files = (
				4018E4BB1609071400B86C24 /* main.m in Sources */,
				4018E4BF1609071400B86C24 /* KMRAppDelegate.m in Sources */,
				4018E4C21609071400B86C24 /* KMRViewController.m in Sources */,
				407E5462162598B600DD4BC1 /* CryptoUtils.m in Sources */,
			);
			runOnlyForDeploymentPostprocessing = 0;
		};
/* End PBXSourcesBuildPhase section */

/* Begin PBXVariantGroup section */
		4018E4B71609071400B86C24 /* InfoPlist.strings */ = {
			isa = PBXVariantGroup;
			children = (
				4018E4B81609071400B86C24 /* en */,
			);
			name = InfoPlist.strings;
			sourceTree = "<group>";
		};
		4018E4C31609071400B86C24 /* KMRViewController.xib */ = {
			isa = PBXVariantGroup;
			children = (
				4018E4C41609071400B86C24 /* en */,
			);
			name = KMRViewController.xib;
			sourceTree = "<group>";
		};
/* End PBXVariantGroup section */

/* Begin XCBuildConfiguration section */
		4018E4C61609071400B86C24 /* Debug */ = {
			isa = XCBuildConfiguration;
			buildSettings = {
				ALWAYS_SEARCH_USER_PATHS = NO;
				CLANG_CXX_LANGUAGE_STANDARD = "gnu++0x";
				CLANG_CXX_LIBRARY = "libc++";
				CLANG_ENABLE_OBJC_ARC = YES;
				CLANG_WARN__DUPLICATE_METHOD_MATCH = YES;
				"CODE_SIGN_IDENTITY[sdk=iphoneos*]" = "iPhone Developer";
				COPY_PHASE_STRIP = NO;
				GCC_C_LANGUAGE_STANDARD = gnu99;
				GCC_DYNAMIC_NO_PIC = NO;
				GCC_OPTIMIZATION_LEVEL = 0;
				GCC_PREPROCESSOR_DEFINITIONS = (
					"DEBUG=1",
					"$(inherited)",
				);
				GCC_SYMBOLS_PRIVATE_EXTERN = NO;
				GCC_WARN_ABOUT_RETURN_TYPE = YES;
				GCC_WARN_UNINITIALIZED_AUTOS = YES;
				GCC_WARN_UNUSED_VARIABLE = YES;
				IPHONEOS_DEPLOYMENT_TARGET = 5.1;
				SDKROOT = iphoneos;
			};
			name = Debug;
		};
		4018E4C71609071400B86C24 /* Release */ = {
			isa = XCBuildConfiguration;
			buildSettings = {
				ALWAYS_SEARCH_USER_PATHS = NO;
				CLANG_CXX_LANGUAGE_STANDARD = "gnu++0x";
				CLANG_CXX_LIBRARY = "libc++";
				CLANG_ENABLE_OBJC_ARC = YES;
				CLANG_WARN__DUPLICATE_METHOD_MATCH = YES;
				"CODE_SIGN_IDENTITY[sdk=iphoneos*]" = "iPhone Developer";
				COPY_PHASE_STRIP = YES;
				GCC_C_LANGUAGE_STANDARD = gnu99;
				GCC_WARN_ABOUT_RETURN_TYPE = YES;
				GCC_WARN_UNINITIALIZED_AUTOS = YES;
				GCC_WARN_UNUSED_VARIABLE = YES;
				IPHONEOS_DEPLOYMENT_TARGET = 5.1;
				OTHER_CFLAGS = "-DNS_BLOCK_ASSERTIONS=1";
				SDKROOT = iphoneos;
				VALIDATE_PRODUCT = YES;
			};
			name = Release;
		};
		4018E4C91609071400B86C24 /* Debug */ = {
			isa = XCBuildConfiguration;
			buildSettings = {
				CODE_SIGN_ENTITLEMENTS = iclous/iclous.entitlements;
				GCC_PRECOMPILE_PREFIX_HEADER = YES;
				GCC_PREFIX_HEADER = "iclous/iclous-Prefix.pch";
				INFOPLIST_FILE = "iclous/iclous-Info.plist";
				PRODUCT_NAME = "$(TARGET_NAME)";
				WRAPPER_EXTENSION = app;
			};
			name = Debug;
		};
		4018E4CA1609071400B86C24 /* Release */ = {
			isa = XCBuildConfiguration;
			buildSettings = {
				CODE_SIGN_ENTITLEMENTS = iclous/iclous.entitlements;
				GCC_PRECOMPILE_PREFIX_HEADER = YES;
				GCC_PREFIX_HEADER = "iclous/iclous-Prefix.pch";
				INFOPLIST_FILE = "iclous/iclous-Info.plist";
				PRODUCT_NAME = "$(TARGET_NAME)";
				WRAPPER_EXTENSION = app;
			};
			name = Release;
		};
/* End XCBuildConfiguration section */

/* Begin XCConfigurationList section */
		4018E4A41609071400B86C24 /* Build configuration list for PBXProject "iclous" */ = {
			isa = XCConfigurationList;
			buildConfigurations = (
				4018E4C61609071400B86C24 /* Debug */,
				4018E4C71609071400B86C24 /* Release */,
			);
			defaultConfigurationIsVisible = 0;
			defaultConfigurationName = Release;
		};
		4018E4C81609071400B86C24 /* Build configuration list for PBXNativeTarget "iclous" */ = {
			isa = XCConfigurationList;
			buildConfigurations = (
				4018E4C91609071400B86C24 /* Debug */,
				4018E4CA1609071400B86C24 /* Release */,
			);
			defaultConfigurationIsVisible = 0;
			defaultConfigurationName = Release;
		};
/* End XCConfigurationList section */
	};
	rootObject = 4018E4A11609071400B86C24 /* Project object */;
}
