// !$*UTF8*$!
{
	archiveVersion = 1;
	classes = {
	};
	objectVersion = 46;
	objects = {

/* Begin PBXBuildFile section */
		AB520BAE151F2F160009828C /* UIKit.framework in Frameworks */ = {isa = PBXBuildFile; fileRef = AB520BAD151F2F160009828C /* UIKit.framework */; };
		AB520BB0151F2F160009828C /* Foundation.framework in Frameworks */ = {isa = PBXBuildFile; fileRef = AB520BAF151F2F160009828C /* Foundation.framework */; };
		AB520BB2151F2F160009828C /* CoreGraphics.framework in Frameworks */ = {isa = PBXBuildFile; fileRef = AB520BB1151F2F160009828C /* CoreGraphics.framework */; };
		AB520BB8151F2F160009828C /* InfoPlist.strings in Resources */ = {isa = PBXBuildFile; fileRef = AB520BB6151F2F160009828C /* InfoPlist.strings */; };
		AB520BBA151F2F160009828C /* main.m in Sources */ = {isa = PBXBuildFile; fileRef = AB520BB9151F2F160009828C /* main.m */; };
		AB520BBE151F2F160009828C /* AppDelegate.m in Sources */ = {isa = PBXBuildFile; fileRef = AB520BBD151F2F160009828C /* AppDelegate.m */; };
		AB520BC1151F2F160009828C /* ViewController.m in Sources */ = {isa = PBXBuildFile; fileRef = AB520BC0151F2F160009828C /* ViewController.m */; };
		AB520BC4151F2F160009828C /* ViewController.xib in Resources */ = {isa = PBXBuildFile; fileRef = AB520BC2151F2F160009828C /* ViewController.xib */; };
		AB520BCC151F2F490009828C /* SubviewController.m in Sources */ = {isa = PBXBuildFile; fileRef = AB520BCB151F2F490009828C /* SubviewController.m */; };
		AB520BCF151F34E00009828C /* LoginSubviewController.xib in Resources */ = {isa = PBXBuildFile; fileRef = AB520BD1151F34E00009828C /* LoginSubviewController.xib */; };
		AB520BD4151F36CC0009828C /* LoginSubviewController.m in Sources */ = {isa = PBXBuildFile; fileRef = AB520BD3151F36CC0009828C /* LoginSubviewController.m */; };
/* End PBXBuildFile section */

/* Begin PBXFileReference section */
		AB520BA9151F2F160009828C /* Subview.app */ = {isa = PBXFileReference; explicitFileType = wrapper.application; includeInIndex = 0; path = Subview.app; sourceTree = BUILT_PRODUCTS_DIR; };
		AB520BAD151F2F160009828C /* UIKit.framework */ = {isa = PBXFileReference; lastKnownFileType = wrapper.framework; name = UIKit.framework; path = System/Library/Frameworks/UIKit.framework; sourceTree = SDKROOT; };
		AB520BAF151F2F160009828C /* Foundation.framework */ = {isa = PBXFileReference; lastKnownFileType = wrapper.framework; name = Foundation.framework; path = System/Library/Frameworks/Foundation.framework; sourceTree = SDKROOT; };
		AB520BB1151F2F160009828C /* CoreGraphics.framework */ = {isa = PBXFileReference; lastKnownFileType = wrapper.framework; name = CoreGraphics.framework; path = System/Library/Frameworks/CoreGraphics.framework; sourceTree = SDKROOT; };
		AB520BB5151F2F160009828C /* Subview-Info.plist */ = {isa = PBXFileReference; lastKnownFileType = text.plist.xml; path = "Subview-Info.plist"; sourceTree = "<group>"; };
		AB520BB7151F2F160009828C /* en */ = {isa = PBXFileReference; lastKnownFileType = text.plist.strings; name = en; path = en.lproj/InfoPlist.strings; sourceTree = "<group>"; };
		AB520BB9151F2F160009828C /* main.m */ = {isa = PBXFileReference; lastKnownFileType = sourcecode.c.objc; path = main.m; sourceTree = "<group>"; };
		AB520BBB151F2F160009828C /* Subview-Prefix.pch */ = {isa = PBXFileReference; lastKnownFileType = sourcecode.c.h; path = "Subview-Prefix.pch"; sourceTree = "<group>"; };
		AB520BBC151F2F160009828C /* AppDelegate.h */ = {isa = PBXFileReference; lastKnownFileType = sourcecode.c.h; path = AppDelegate.h; sourceTree = "<group>"; };
		AB520BBD151F2F160009828C /* AppDelegate.m */ = {isa = PBXFileReference; lastKnownFileType = sourcecode.c.objc; path = AppDelegate.m; sourceTree = "<group>"; };
		AB520BBF151F2F160009828C /* ViewController.h */ = {isa = PBXFileReference; lastKnownFileType = sourcecode.c.h; path = ViewController.h; sourceTree = "<group>"; };
		AB520BC0151F2F160009828C /* ViewController.m */ = {isa = PBXFileReference; lastKnownFileType = sourcecode.c.objc; path = ViewController.m; sourceTree = "<group>"; };
		AB520BC3151F2F160009828C /* en */ = {isa = PBXFileReference; lastKnownFileType = file.xib; name = en; path = en.lproj/ViewController.xib; sourceTree = "<group>"; };
		AB520BCA151F2F490009828C /* SubviewController.h */ = {isa = PBXFileReference; fileEncoding = 4; lastKnownFileType = sourcecode.c.h; path = SubviewController.h; sourceTree = "<group>"; };
		AB520BCB151F2F490009828C /* SubviewController.m */ = {isa = PBXFileReference; fileEncoding = 4; lastKnownFileType = sourcecode.c.objc; path = SubviewController.m; sourceTree = "<group>"; };
		AB520BD0151F34E00009828C /* en */ = {isa = PBXFileReference; lastKnownFileType = file.xib; name = en; path = en.lproj/LoginSubviewController.xib; sourceTree = "<group>"; };
		AB520BD2151F36CC0009828C /* LoginSubviewController.h */ = {isa = PBXFileReference; fileEncoding = 4; lastKnownFileType = sourcecode.c.h; path = LoginSubviewController.h; sourceTree = "<group>"; };
		AB520BD3151F36CC0009828C /* LoginSubviewController.m */ = {isa = PBXFileReference; fileEncoding = 4; lastKnownFileType = sourcecode.c.objc; path = LoginSubviewController.m; sourceTree = "<group>"; };
/* End PBXFileReference section */

/* Begin PBXFrameworksBuildPhase section */
		AB520BA6151F2F160009828C /* Frameworks */ = {
			isa = PBXFrameworksBuildPhase;
			buildActionMask = 2147483647;
			files = (
				AB520BAE151F2F160009828C /* UIKit.framework in Frameworks */,
				AB520BB0151F2F160009828C /* Foundation.framework in Frameworks */,
				AB520BB2151F2F160009828C /* CoreGraphics.framework in Frameworks */,
			);
			runOnlyForDeploymentPostprocessing = 0;
		};
/* End PBXFrameworksBuildPhase section */

/* Begin PBXGroup section */
		AB520B9E151F2F150009828C = {
			isa = PBXGroup;
			children = (
				AB520BB3151F2F160009828C /* Subview */,
				AB520BAC151F2F160009828C /* Frameworks */,
				AB520BAA151F2F160009828C /* Products */,
			);
			sourceTree = "<group>";
		};
		AB520BAA151F2F160009828C /* Products */ = {
			isa = PBXGroup;
			children = (
				AB520BA9151F2F160009828C /* Subview.app */,
			);
			name = Products;
			sourceTree = "<group>";
		};
		AB520BAC151F2F160009828C /* Frameworks */ = {
			isa = PBXGroup;
			children = (
				AB520BAD151F2F160009828C /* UIKit.framework */,
				AB520BAF151F2F160009828C /* Foundation.framework */,
				AB520BB1151F2F160009828C /* CoreGraphics.framework */,
			);
			name = Frameworks;
			sourceTree = "<group>";
		};
		AB520BB3151F2F160009828C /* Subview */ = {
			isa = PBXGroup;
			children = (
				AB520BBC151F2F160009828C /* AppDelegate.h */,
				AB520BBD151F2F160009828C /* AppDelegate.m */,
				AB520BBF151F2F160009828C /* ViewController.h */,
				AB520BC0151F2F160009828C /* ViewController.m */,
				AB520BCA151F2F490009828C /* SubviewController.h */,
				AB520BCB151F2F490009828C /* SubviewController.m */,
				AB520BD2151F36CC0009828C /* LoginSubviewController.h */,
				AB520BD3151F36CC0009828C /* LoginSubviewController.m */,
				AB520BC2151F2F160009828C /* ViewController.xib */,
				AB520BD1151F34E00009828C /* LoginSubviewController.xib */,
				AB520BB4151F2F160009828C /* Supporting Files */,
			);
			path = Subview;
			sourceTree = "<group>";
		};
		AB520BB4151F2F160009828C /* Supporting Files */ = {
			isa = PBXGroup;
			children = (
				AB520BB5151F2F160009828C /* Subview-Info.plist */,
				AB520BB6151F2F160009828C /* InfoPlist.strings */,
				AB520BB9151F2F160009828C /* main.m */,
				AB520BBB151F2F160009828C /* Subview-Prefix.pch */,
			);
			name = "Supporting Files";
			sourceTree = "<group>";
		};
/* End PBXGroup section */

/* Begin PBXNativeTarget section */
		AB520BA8151F2F160009828C /* Subview */ = {
			isa = PBXNativeTarget;
			buildConfigurationList = AB520BC7151F2F160009828C /* Build configuration list for PBXNativeTarget "Subview" */;
			buildPhases = (
				AB520BA5151F2F160009828C /* Sources */,
				AB520BA6151F2F160009828C /* Frameworks */,
				AB520BA7151F2F160009828C /* Resources */,
			);
			buildRules = (
			);
			dependencies = (
			);
			name = Subview;
			productName = Subview;
			productReference = AB520BA9151F2F160009828C /* Subview.app */;
			productType = "com.apple.product-type.application";
		};
/* End PBXNativeTarget section */

/* Begin PBXProject section */
		AB520BA0151F2F150009828C /* Project object */ = {
			isa = PBXProject;
			attributes = {
				LastUpgradeCheck = 0430;
			};
			buildConfigurationList = AB520BA3151F2F150009828C /* Build configuration list for PBXProject "Subview" */;
			compatibilityVersion = "Xcode 3.2";
			developmentRegion = English;
			hasScannedForEncodings = 0;
			knownRegions = (
				en,
			);
			mainGroup = AB520B9E151F2F150009828C;
			productRefGroup = AB520BAA151F2F160009828C /* Products */;
			projectDirPath = "";
			projectRoot = "";
			targets = (
				AB520BA8151F2F160009828C /* Subview */,
			);
		};
/* End PBXProject section */

/* Begin PBXResourcesBuildPhase section */
		AB520BA7151F2F160009828C /* Resources */ = {
			isa = PBXResourcesBuildPhase;
			buildActionMask = 2147483647;
			files = (
				AB520BB8151F2F160009828C /* InfoPlist.strings in Resources */,
				AB520BC4151F2F160009828C /* ViewController.xib in Resources */,
				AB520BCF151F34E00009828C /* LoginSubviewController.xib in Resources */,
			);
			runOnlyForDeploymentPostprocessing = 0;
		};
/* End PBXResourcesBuildPhase section */

/* Begin PBXSourcesBuildPhase section */
		AB520BA5151F2F160009828C /* Sources */ = {
			isa = PBXSourcesBuildPhase;
			buildActionMask = 2147483647;
			files = (
				AB520BBA151F2F160009828C /* main.m in Sources */,
				AB520BBE151F2F160009828C /* AppDelegate.m in Sources */,
				AB520BC1151F2F160009828C /* ViewController.m in Sources */,
				AB520BCC151F2F490009828C /* SubviewController.m in Sources */,
				AB520BD4151F36CC0009828C /* LoginSubviewController.m in Sources */,
			);
			runOnlyForDeploymentPostprocessing = 0;
		};
/* End PBXSourcesBuildPhase section */

/* Begin PBXVariantGroup section */
		AB520BB6151F2F160009828C /* InfoPlist.strings */ = {
			isa = PBXVariantGroup;
			children = (
				AB520BB7151F2F160009828C /* en */,
			);
			name = InfoPlist.strings;
			sourceTree = "<group>";
		};
		AB520BC2151F2F160009828C /* ViewController.xib */ = {
			isa = PBXVariantGroup;
			children = (
				AB520BC3151F2F160009828C /* en */,
			);
			name = ViewController.xib;
			sourceTree = "<group>";
		};
		AB520BD1151F34E00009828C /* LoginSubviewController.xib */ = {
			isa = PBXVariantGroup;
			children = (
				AB520BD0151F34E00009828C /* en */,
			);
			name = LoginSubviewController.xib;
			sourceTree = "<group>";
		};
/* End PBXVariantGroup section */

/* Begin XCBuildConfiguration section */
		AB520BC5151F2F160009828C /* Debug */ = {
			isa = XCBuildConfiguration;
			buildSettings = {
				ALWAYS_SEARCH_USER_PATHS = NO;
				ARCHS = "$(ARCHS_STANDARD_32_BIT)";
				CLANG_ENABLE_OBJC_ARC = YES;
				"CODE_SIGN_IDENTITY[sdk=iphoneos*]" = "iPhone Developer";
				COPY_PHASE_STRIP = NO;
				GCC_C_LANGUAGE_STANDARD = gnu99;
				GCC_DYNAMIC_NO_PIC = NO;
				GCC_OPTIMIZATION_LEVEL = 0;
				GCC_PREPROCESSOR_DEFINITIONS = (
					"DEBUG=1",
					"$(inherited)",
				);
				GCC_SYMBOLS_PRIVATE_EXTERN = NO;
				GCC_VERSION = com.apple.compilers.llvm.clang.1_0;
				GCC_WARN_ABOUT_RETURN_TYPE = YES;
				GCC_WARN_UNINITIALIZED_AUTOS = YES;
				GCC_WARN_UNUSED_VARIABLE = YES;
				IPHONEOS_DEPLOYMENT_TARGET = 5.1;
				SDKROOT = iphoneos;
			};
			name = Debug;
		};
		AB520BC6151F2F160009828C /* Release */ = {
			isa = XCBuildConfiguration;
			buildSettings = {
				ALWAYS_SEARCH_USER_PATHS = NO;
				ARCHS = "$(ARCHS_STANDARD_32_BIT)";
				CLANG_ENABLE_OBJC_ARC = YES;
				"CODE_SIGN_IDENTITY[sdk=iphoneos*]" = "iPhone Developer";
				COPY_PHASE_STRIP = YES;
				GCC_C_LANGUAGE_STANDARD = gnu99;
				GCC_VERSION = com.apple.compilers.llvm.clang.1_0;
				GCC_WARN_ABOUT_RETURN_TYPE = YES;
				GCC_WARN_UNINITIALIZED_AUTOS = YES;
				GCC_WARN_UNUSED_VARIABLE = YES;
				IPHONEOS_DEPLOYMENT_TARGET = 5.1;
				OTHER_CFLAGS = "-DNS_BLOCK_ASSERTIONS=1";
				SDKROOT = iphoneos;
				VALIDATE_PRODUCT = YES;
			};
			name = Release;
		};
		AB520BC8151F2F160009828C /* Debug */ = {
			isa = XCBuildConfiguration;
			buildSettings = {
				GCC_PRECOMPILE_PREFIX_HEADER = YES;
				GCC_PREFIX_HEADER = "Subview/Subview-Prefix.pch";
				INFOPLIST_FILE = "Subview/Subview-Info.plist";
				IPHONEOS_DEPLOYMENT_TARGET = 4.0;
				PRODUCT_NAME = "$(TARGET_NAME)";
				WRAPPER_EXTENSION = app;
			};
			name = Debug;
		};
		AB520BC9151F2F160009828C /* Release */ = {
			isa = XCBuildConfiguration;
			buildSettings = {
				GCC_PRECOMPILE_PREFIX_HEADER = YES;
				GCC_PREFIX_HEADER = "Subview/Subview-Prefix.pch";
				INFOPLIST_FILE = "Subview/Subview-Info.plist";
				IPHONEOS_DEPLOYMENT_TARGET = 4.0;
				PRODUCT_NAME = "$(TARGET_NAME)";
				WRAPPER_EXTENSION = app;
			};
			name = Release;
		};
/* End XCBuildConfiguration section */

/* Begin XCConfigurationList section */
		AB520BA3151F2F150009828C /* Build configuration list for PBXProject "Subview" */ = {
			isa = XCConfigurationList;
			buildConfigurations = (
				AB520BC5151F2F160009828C /* Debug */,
				AB520BC6151F2F160009828C /* Release */,
			);
			defaultConfigurationIsVisible = 0;
			defaultConfigurationName = Release;
		};
		AB520BC7151F2F160009828C /* Build configuration list for PBXNativeTarget "Subview" */ = {
			isa = XCConfigurationList;
			buildConfigurations = (
				AB520BC8151F2F160009828C /* Debug */,
				AB520BC9151F2F160009828C /* Release */,
			);
			defaultConfigurationIsVisible = 0;
		};
/* End XCConfigurationList section */
	};
	rootObject = AB520BA0151F2F150009828C /* Project object */;
}
