// !$*UTF8*$!
{
	archiveVersion = 1;
	classes = {
	};
	objectVersion = 46;
	objects = {

/* Begin PBXBuildFile section */
		4061F4DD155D901B009E138A /* Model.m in Sources */ = {isa = PBXBuildFile; fileRef = 4061F4DC155D901B009E138A /* Model.m */; };
		40869FAB1512920700A94D11 /* UIKit.framework in Frameworks */ = {isa = PBXBuildFile; fileRef = 40869FAA1512920700A94D11 /* UIKit.framework */; };
		40869FAD1512920700A94D11 /* Foundation.framework in Frameworks */ = {isa = PBXBuildFile; fileRef = 40869FAC1512920700A94D11 /* Foundation.framework */; };
		40869FAF1512920700A94D11 /* CoreGraphics.framework in Frameworks */ = {isa = PBXBuildFile; fileRef = 40869FAE1512920700A94D11 /* CoreGraphics.framework */; };
		40869FB51512920700A94D11 /* InfoPlist.strings in Resources */ = {isa = PBXBuildFile; fileRef = 40869FB31512920700A94D11 /* InfoPlist.strings */; };
		40869FB71512920700A94D11 /* main.m in Sources */ = {isa = PBXBuildFile; fileRef = 40869FB61512920700A94D11 /* main.m */; };
		40869FBB1512920700A94D11 /* AppDelegate.m in Sources */ = {isa = PBXBuildFile; fileRef = 40869FBA1512920700A94D11 /* AppDelegate.m */; };
		40869FBE1512920700A94D11 /* ViewController.m in Sources */ = {isa = PBXBuildFile; fileRef = 40869FBD1512920700A94D11 /* ViewController.m */; };
		40869FC11512920700A94D11 /* ViewController.xib in Resources */ = {isa = PBXBuildFile; fileRef = 40869FBF1512920700A94D11 /* ViewController.xib */; };
		40CFA0841572117B00E68AE5 /* Todo.txt in Resources */ = {isa = PBXBuildFile; fileRef = 40CFA0831572117B00E68AE5 /* Todo.txt */; };
		40CFA08B15721CC700E68AE5 /* Droid.m in Sources */ = {isa = PBXBuildFile; fileRef = 40CFA08A15721CC700E68AE5 /* Droid.m */; };
/* End PBXBuildFile section */

/* Begin PBXFileReference section */
		4061F4DB155D901B009E138A /* Model.h */ = {isa = PBXFileReference; fileEncoding = 4; lastKnownFileType = sourcecode.c.h; path = Model.h; sourceTree = "<group>"; };
		4061F4DC155D901B009E138A /* Model.m */ = {isa = PBXFileReference; fileEncoding = 4; lastKnownFileType = sourcecode.c.objc; path = Model.m; sourceTree = "<group>"; };
		40869FA61512920700A94D11 /* Kapitel2.app */ = {isa = PBXFileReference; explicitFileType = wrapper.application; includeInIndex = 0; path = Kapitel2.app; sourceTree = BUILT_PRODUCTS_DIR; };
		40869FAA1512920700A94D11 /* UIKit.framework */ = {isa = PBXFileReference; lastKnownFileType = wrapper.framework; name = UIKit.framework; path = System/Library/Frameworks/UIKit.framework; sourceTree = SDKROOT; };
		40869FAC1512920700A94D11 /* Foundation.framework */ = {isa = PBXFileReference; lastKnownFileType = wrapper.framework; name = Foundation.framework; path = System/Library/Frameworks/Foundation.framework; sourceTree = SDKROOT; };
		40869FAE1512920700A94D11 /* CoreGraphics.framework */ = {isa = PBXFileReference; lastKnownFileType = wrapper.framework; name = CoreGraphics.framework; path = System/Library/Frameworks/CoreGraphics.framework; sourceTree = SDKROOT; };
		40869FB21512920700A94D11 /* Kapitel2-Info.plist */ = {isa = PBXFileReference; lastKnownFileType = text.plist.xml; path = "Kapitel2-Info.plist"; sourceTree = "<group>"; };
		40869FB41512920700A94D11 /* en */ = {isa = PBXFileReference; lastKnownFileType = text.plist.strings; name = en; path = en.lproj/InfoPlist.strings; sourceTree = "<group>"; };
		40869FB61512920700A94D11 /* main.m */ = {isa = PBXFileReference; lastKnownFileType = sourcecode.c.objc; path = main.m; sourceTree = "<group>"; };
		40869FB81512920700A94D11 /* Kapitel2-Prefix.pch */ = {isa = PBXFileReference; lastKnownFileType = sourcecode.c.h; path = "Kapitel2-Prefix.pch"; sourceTree = "<group>"; };
		40869FB91512920700A94D11 /* AppDelegate.h */ = {isa = PBXFileReference; lastKnownFileType = sourcecode.c.h; path = AppDelegate.h; sourceTree = "<group>"; };
		40869FBA1512920700A94D11 /* AppDelegate.m */ = {isa = PBXFileReference; lastKnownFileType = sourcecode.c.objc; path = AppDelegate.m; sourceTree = "<group>"; };
		40869FBC1512920700A94D11 /* ViewController.h */ = {isa = PBXFileReference; lastKnownFileType = sourcecode.c.h; path = ViewController.h; sourceTree = "<group>"; };
		40869FBD1512920700A94D11 /* ViewController.m */ = {isa = PBXFileReference; lastKnownFileType = sourcecode.c.objc; path = ViewController.m; sourceTree = "<group>"; };
		40869FC01512920700A94D11 /* en */ = {isa = PBXFileReference; lastKnownFileType = file.xib; name = en; path = en.lproj/ViewController.xib; sourceTree = "<group>"; };
		40CFA0831572117B00E68AE5 /* Todo.txt */ = {isa = PBXFileReference; fileEncoding = 4; lastKnownFileType = text; path = Todo.txt; sourceTree = "<group>"; };
		40CFA08915721CC700E68AE5 /* Droid.h */ = {isa = PBXFileReference; fileEncoding = 4; lastKnownFileType = sourcecode.c.h; path = Droid.h; sourceTree = "<group>"; };
		40CFA08A15721CC700E68AE5 /* Droid.m */ = {isa = PBXFileReference; fileEncoding = 4; lastKnownFileType = sourcecode.c.objc; path = Droid.m; sourceTree = "<group>"; };
/* End PBXFileReference section */

/* Begin PBXFrameworksBuildPhase section */
		40869FA31512920700A94D11 /* Frameworks */ = {
			isa = PBXFrameworksBuildPhase;
			buildActionMask = 2147483647;
			files = (
				40869FAB1512920700A94D11 /* UIKit.framework in Frameworks */,
				40869FAD1512920700A94D11 /* Foundation.framework in Frameworks */,
				40869FAF1512920700A94D11 /* CoreGraphics.framework in Frameworks */,
			);
			runOnlyForDeploymentPostprocessing = 0;
		};
/* End PBXFrameworksBuildPhase section */

/* Begin PBXGroup section */
		40869F9B1512920600A94D11 = {
			isa = PBXGroup;
			children = (
				40869FB01512920700A94D11 /* Kapitel2 */,
				40869FA91512920700A94D11 /* Frameworks */,
				40869FA71512920700A94D11 /* Products */,
			);
			sourceTree = "<group>";
		};
		40869FA71512920700A94D11 /* Products */ = {
			isa = PBXGroup;
			children = (
				40869FA61512920700A94D11 /* Kapitel2.app */,
			);
			name = Products;
			sourceTree = "<group>";
		};
		40869FA91512920700A94D11 /* Frameworks */ = {
			isa = PBXGroup;
			children = (
				40869FAA1512920700A94D11 /* UIKit.framework */,
				40869FAC1512920700A94D11 /* Foundation.framework */,
				40869FAE1512920700A94D11 /* CoreGraphics.framework */,
			);
			name = Frameworks;
			sourceTree = "<group>";
		};
		40869FB01512920700A94D11 /* Kapitel2 */ = {
			isa = PBXGroup;
			children = (
				40869FB91512920700A94D11 /* AppDelegate.h */,
				40869FBA1512920700A94D11 /* AppDelegate.m */,
				40869FBC1512920700A94D11 /* ViewController.h */,
				40869FBD1512920700A94D11 /* ViewController.m */,
				40869FBF1512920700A94D11 /* ViewController.xib */,
				40CFA08015720C1400E68AE5 /* Model */,
				40869FB11512920700A94D11 /* Supporting Files */,
			);
			path = Kapitel2;
			sourceTree = "<group>";
		};
		40869FB11512920700A94D11 /* Supporting Files */ = {
			isa = PBXGroup;
			children = (
				40CFA0831572117B00E68AE5 /* Todo.txt */,
				40869FB21512920700A94D11 /* Kapitel2-Info.plist */,
				40869FB31512920700A94D11 /* InfoPlist.strings */,
				40869FB61512920700A94D11 /* main.m */,
				40869FB81512920700A94D11 /* Kapitel2-Prefix.pch */,
			);
			name = "Supporting Files";
			sourceTree = "<group>";
		};
		40CFA08015720C1400E68AE5 /* Model */ = {
			isa = PBXGroup;
			children = (
				40CFA08915721CC700E68AE5 /* Droid.h */,
				40CFA08A15721CC700E68AE5 /* Droid.m */,
				4061F4DB155D901B009E138A /* Model.h */,
				4061F4DC155D901B009E138A /* Model.m */,
			);
			name = Model;
			sourceTree = "<group>";
		};
/* End PBXGroup section */

/* Begin PBXNativeTarget section */
		40869FA51512920700A94D11 /* Kapitel2 */ = {
			isa = PBXNativeTarget;
			buildConfigurationList = 40869FC41512920700A94D11 /* Build configuration list for PBXNativeTarget "Kapitel2" */;
			buildPhases = (
				40869FA21512920700A94D11 /* Sources */,
				40869FA31512920700A94D11 /* Frameworks */,
				40869FA41512920700A94D11 /* Resources */,
			);
			buildRules = (
			);
			dependencies = (
			);
			name = Kapitel2;
			productName = Kapitel2;
			productReference = 40869FA61512920700A94D11 /* Kapitel2.app */;
			productType = "com.apple.product-type.application";
		};
/* End PBXNativeTarget section */

/* Begin PBXProject section */
		40869F9D1512920600A94D11 /* Project object */ = {
			isa = PBXProject;
			attributes = {
				LastUpgradeCheck = 0430;
				ORGANIZATIONNAME = "Klaus M. Rodewig";
			};
			buildConfigurationList = 40869FA01512920600A94D11 /* Build configuration list for PBXProject "Kapitel2" */;
			compatibilityVersion = "Xcode 3.2";
			developmentRegion = English;
			hasScannedForEncodings = 0;
			knownRegions = (
				en,
			);
			mainGroup = 40869F9B1512920600A94D11;
			productRefGroup = 40869FA71512920700A94D11 /* Products */;
			projectDirPath = "";
			projectRoot = "";
			targets = (
				40869FA51512920700A94D11 /* Kapitel2 */,
			);
		};
/* End PBXProject section */

/* Begin PBXResourcesBuildPhase section */
		40869FA41512920700A94D11 /* Resources */ = {
			isa = PBXResourcesBuildPhase;
			buildActionMask = 2147483647;
			files = (
				40869FB51512920700A94D11 /* InfoPlist.strings in Resources */,
				40869FC11512920700A94D11 /* ViewController.xib in Resources */,
				40CFA0841572117B00E68AE5 /* Todo.txt in Resources */,
			);
			runOnlyForDeploymentPostprocessing = 0;
		};
/* End PBXResourcesBuildPhase section */

/* Begin PBXSourcesBuildPhase section */
		40869FA21512920700A94D11 /* Sources */ = {
			isa = PBXSourcesBuildPhase;
			buildActionMask = 2147483647;
			files = (
				40869FB71512920700A94D11 /* main.m in Sources */,
				40869FBB1512920700A94D11 /* AppDelegate.m in Sources */,
				40869FBE1512920700A94D11 /* ViewController.m in Sources */,
				4061F4DD155D901B009E138A /* Model.m in Sources */,
				40CFA08B15721CC700E68AE5 /* Droid.m in Sources */,
			);
			runOnlyForDeploymentPostprocessing = 0;
		};
/* End PBXSourcesBuildPhase section */

/* Begin PBXVariantGroup section */
		40869FB31512920700A94D11 /* InfoPlist.strings */ = {
			isa = PBXVariantGroup;
			children = (
				40869FB41512920700A94D11 /* en */,
			);
			name = InfoPlist.strings;
			sourceTree = "<group>";
		};
		40869FBF1512920700A94D11 /* ViewController.xib */ = {
			isa = PBXVariantGroup;
			children = (
				40869FC01512920700A94D11 /* en */,
			);
			name = ViewController.xib;
			sourceTree = "<group>";
		};
/* End PBXVariantGroup section */

/* Begin XCBuildConfiguration section */
		40869FC21512920700A94D11 /* Debug */ = {
			isa = XCBuildConfiguration;
			buildSettings = {
				ALWAYS_SEARCH_USER_PATHS = NO;
				ARCHS = "$(ARCHS_STANDARD_32_BIT)";
				"CODE_SIGN_IDENTITY[sdk=iphoneos*]" = "iPhone Developer";
				COPY_PHASE_STRIP = NO;
				GCC_C_LANGUAGE_STANDARD = gnu99;
				GCC_DYNAMIC_NO_PIC = NO;
				GCC_OPTIMIZATION_LEVEL = 0;
				GCC_PREPROCESSOR_DEFINITIONS = (
					"DEBUG=1",
					"$(inherited)",
				);
				GCC_SYMBOLS_PRIVATE_EXTERN = NO;
				GCC_VERSION = com.apple.compilers.llvm.clang.1_0;
				GCC_WARN_ABOUT_RETURN_TYPE = YES;
				GCC_WARN_UNINITIALIZED_AUTOS = YES;
				GCC_WARN_UNUSED_VARIABLE = YES;
				IPHONEOS_DEPLOYMENT_TARGET = 5.1;
				SDKROOT = iphoneos;
			};
			name = Debug;
		};
		40869FC31512920700A94D11 /* Release */ = {
			isa = XCBuildConfiguration;
			buildSettings = {
				ALWAYS_SEARCH_USER_PATHS = NO;
				ARCHS = "$(ARCHS_STANDARD_32_BIT)";
				"CODE_SIGN_IDENTITY[sdk=iphoneos*]" = "iPhone Developer";
				COPY_PHASE_STRIP = YES;
				GCC_C_LANGUAGE_STANDARD = gnu99;
				GCC_VERSION = com.apple.compilers.llvm.clang.1_0;
				GCC_WARN_ABOUT_RETURN_TYPE = YES;
				GCC_WARN_UNINITIALIZED_AUTOS = YES;
				GCC_WARN_UNUSED_VARIABLE = YES;
				IPHONEOS_DEPLOYMENT_TARGET = 5.1;
				OTHER_CFLAGS = "-DNS_BLOCK_ASSERTIONS=1";
				SDKROOT = iphoneos;
				VALIDATE_PRODUCT = YES;
			};
			name = Release;
		};
		40869FC51512920700A94D11 /* Debug */ = {
			isa = XCBuildConfiguration;
			buildSettings = {
				GCC_PRECOMPILE_PREFIX_HEADER = YES;
				GCC_PREFIX_HEADER = "Kapitel2/Kapitel2-Prefix.pch";
				INFOPLIST_FILE = "Kapitel2/Kapitel2-Info.plist";
				IPHONEOS_DEPLOYMENT_TARGET = 5.0;
				PRODUCT_NAME = "$(TARGET_NAME)";
				WRAPPER_EXTENSION = app;
			};
			name = Debug;
		};
		40869FC61512920700A94D11 /* Release */ = {
			isa = XCBuildConfiguration;
			buildSettings = {
				GCC_PRECOMPILE_PREFIX_HEADER = YES;
				GCC_PREFIX_HEADER = "Kapitel2/Kapitel2-Prefix.pch";
				INFOPLIST_FILE = "Kapitel2/Kapitel2-Info.plist";
				IPHONEOS_DEPLOYMENT_TARGET = 5.0;
				PRODUCT_NAME = "$(TARGET_NAME)";
				WRAPPER_EXTENSION = app;
			};
			name = Release;
		};
/* End XCBuildConfiguration section */

/* Begin XCConfigurationList section */
		40869FA01512920600A94D11 /* Build configuration list for PBXProject "Kapitel2" */ = {
			isa = XCConfigurationList;
			buildConfigurations = (
				40869FC21512920700A94D11 /* Debug */,
				40869FC31512920700A94D11 /* Release */,
			);
			defaultConfigurationIsVisible = 0;
			defaultConfigurationName = Release;
		};
		40869FC41512920700A94D11 /* Build configuration list for PBXNativeTarget "Kapitel2" */ = {
			isa = XCConfigurationList;
			buildConfigurations = (
				40869FC51512920700A94D11 /* Debug */,
				40869FC61512920700A94D11 /* Release */,
			);
			defaultConfigurationIsVisible = 0;
			defaultConfigurationName = Release;
		};
/* End XCConfigurationList section */
	};
	rootObject = 40869F9D1512920600A94D11 /* Project object */;
}
