// !$*UTF8*$!
{
	archiveVersion = 1;
	classes = {
	};
	objectVersion = 46;
	objects = {

/* Begin PBXBuildFile section */
		ABE18CA61503839D00ABEA48 /* UIKit.framework in Frameworks */ = {isa = PBXBuildFile; fileRef = ABE18CA51503839D00ABEA48 /* UIKit.framework */; };
		ABE18CA81503839D00ABEA48 /* Foundation.framework in Frameworks */ = {isa = PBXBuildFile; fileRef = ABE18CA71503839D00ABEA48 /* Foundation.framework */; };
		ABE18CAA1503839D00ABEA48 /* CoreGraphics.framework in Frameworks */ = {isa = PBXBuildFile; fileRef = ABE18CA91503839D00ABEA48 /* CoreGraphics.framework */; };
		ABE18CB01503839D00ABEA48 /* InfoPlist.strings in Resources */ = {isa = PBXBuildFile; fileRef = ABE18CAE1503839D00ABEA48 /* InfoPlist.strings */; };
		ABE18CB21503839D00ABEA48 /* main.m in Sources */ = {isa = PBXBuildFile; fileRef = ABE18CB11503839D00ABEA48 /* main.m */; };
		ABE18CB61503839D00ABEA48 /* AppDelegate.m in Sources */ = {isa = PBXBuildFile; fileRef = ABE18CB51503839D00ABEA48 /* AppDelegate.m */; };
		ABE18CB91503839D00ABEA48 /* MainStoryboard.storyboard in Resources */ = {isa = PBXBuildFile; fileRef = ABE18CB71503839D00ABEA48 /* MainStoryboard.storyboard */; };
		ABE18CBC1503839D00ABEA48 /* ViewController.m in Sources */ = {isa = PBXBuildFile; fileRef = ABE18CBB1503839D00ABEA48 /* ViewController.m */; };
		ABE18CC8150387AF00ABEA48 /* dragonfly@2x.jpg in Resources */ = {isa = PBXBuildFile; fileRef = ABE18CC6150387AF00ABEA48 /* dragonfly@2x.jpg */; };
		ABE18CC9150387AF00ABEA48 /* flower@2x.jpg in Resources */ = {isa = PBXBuildFile; fileRef = ABE18CC7150387AF00ABEA48 /* flower@2x.jpg */; };
		ABE18CCC150388B000ABEA48 /* dragonfly.jpg in Resources */ = {isa = PBXBuildFile; fileRef = ABE18CCA150388B000ABEA48 /* dragonfly.jpg */; };
		ABE18CCD150388B000ABEA48 /* flower.jpg in Resources */ = {isa = PBXBuildFile; fileRef = ABE18CCB150388B000ABEA48 /* flower.jpg */; };
/* End PBXBuildFile section */

/* Begin PBXFileReference section */
		ABE18CA11503839D00ABEA48 /* MultipleAlertViews.app */ = {isa = PBXFileReference; explicitFileType = wrapper.application; includeInIndex = 0; path = MultipleAlertViews.app; sourceTree = BUILT_PRODUCTS_DIR; };
		ABE18CA51503839D00ABEA48 /* UIKit.framework */ = {isa = PBXFileReference; lastKnownFileType = wrapper.framework; name = UIKit.framework; path = System/Library/Frameworks/UIKit.framework; sourceTree = SDKROOT; };
		ABE18CA71503839D00ABEA48 /* Foundation.framework */ = {isa = PBXFileReference; lastKnownFileType = wrapper.framework; name = Foundation.framework; path = System/Library/Frameworks/Foundation.framework; sourceTree = SDKROOT; };
		ABE18CA91503839D00ABEA48 /* CoreGraphics.framework */ = {isa = PBXFileReference; lastKnownFileType = wrapper.framework; name = CoreGraphics.framework; path = System/Library/Frameworks/CoreGraphics.framework; sourceTree = SDKROOT; };
		ABE18CAD1503839D00ABEA48 /* MultipleAlertViews-Info.plist */ = {isa = PBXFileReference; lastKnownFileType = text.plist.xml; path = "MultipleAlertViews-Info.plist"; sourceTree = "<group>"; };
		ABE18CAF1503839D00ABEA48 /* en */ = {isa = PBXFileReference; lastKnownFileType = text.plist.strings; name = en; path = en.lproj/InfoPlist.strings; sourceTree = "<group>"; };
		ABE18CB11503839D00ABEA48 /* main.m */ = {isa = PBXFileReference; lastKnownFileType = sourcecode.c.objc; path = main.m; sourceTree = "<group>"; };
		ABE18CB31503839D00ABEA48 /* MultipleAlertViews-Prefix.pch */ = {isa = PBXFileReference; lastKnownFileType = sourcecode.c.h; path = "MultipleAlertViews-Prefix.pch"; sourceTree = "<group>"; };
		ABE18CB41503839D00ABEA48 /* AppDelegate.h */ = {isa = PBXFileReference; lastKnownFileType = sourcecode.c.h; path = AppDelegate.h; sourceTree = "<group>"; };
		ABE18CB51503839D00ABEA48 /* AppDelegate.m */ = {isa = PBXFileReference; lastKnownFileType = sourcecode.c.objc; path = AppDelegate.m; sourceTree = "<group>"; };
		ABE18CB81503839D00ABEA48 /* en */ = {isa = PBXFileReference; lastKnownFileType = file.storyboard; name = en; path = en.lproj/MainStoryboard.storyboard; sourceTree = "<group>"; };
		ABE18CBA1503839D00ABEA48 /* ViewController.h */ = {isa = PBXFileReference; lastKnownFileType = sourcecode.c.h; path = ViewController.h; sourceTree = "<group>"; };
		ABE18CBB1503839D00ABEA48 /* ViewController.m */ = {isa = PBXFileReference; lastKnownFileType = sourcecode.c.objc; path = ViewController.m; sourceTree = "<group>"; };
		ABE18CC6150387AF00ABEA48 /* dragonfly@2x.jpg */ = {isa = PBXFileReference; lastKnownFileType = image.jpeg; path = "dragonfly@2x.jpg"; sourceTree = "<group>"; };
		ABE18CC7150387AF00ABEA48 /* flower@2x.jpg */ = {isa = PBXFileReference; lastKnownFileType = image.jpeg; path = "flower@2x.jpg"; sourceTree = "<group>"; };
		ABE18CCA150388B000ABEA48 /* dragonfly.jpg */ = {isa = PBXFileReference; lastKnownFileType = image.jpeg; path = dragonfly.jpg; sourceTree = "<group>"; };
		ABE18CCB150388B000ABEA48 /* flower.jpg */ = {isa = PBXFileReference; lastKnownFileType = image.jpeg; path = flower.jpg; sourceTree = "<group>"; };
/* End PBXFileReference section */

/* Begin PBXFrameworksBuildPhase section */
		ABE18C9E1503839D00ABEA48 /* Frameworks */ = {
			isa = PBXFrameworksBuildPhase;
			buildActionMask = 2147483647;
			files = (
				ABE18CA61503839D00ABEA48 /* UIKit.framework in Frameworks */,
				ABE18CA81503839D00ABEA48 /* Foundation.framework in Frameworks */,
				ABE18CAA1503839D00ABEA48 /* CoreGraphics.framework in Frameworks */,
			);
			runOnlyForDeploymentPostprocessing = 0;
		};
/* End PBXFrameworksBuildPhase section */

/* Begin PBXGroup section */
		ABE18C961503839D00ABEA48 = {
			isa = PBXGroup;
			children = (
				ABE18CAB1503839D00ABEA48 /* MultipleAlertViews */,
				ABE18CA41503839D00ABEA48 /* Frameworks */,
				ABE18CA21503839D00ABEA48 /* Products */,
			);
			sourceTree = "<group>";
		};
		ABE18CA21503839D00ABEA48 /* Products */ = {
			isa = PBXGroup;
			children = (
				ABE18CA11503839D00ABEA48 /* MultipleAlertViews.app */,
			);
			name = Products;
			sourceTree = "<group>";
		};
		ABE18CA41503839D00ABEA48 /* Frameworks */ = {
			isa = PBXGroup;
			children = (
				ABE18CA51503839D00ABEA48 /* UIKit.framework */,
				ABE18CA71503839D00ABEA48 /* Foundation.framework */,
				ABE18CA91503839D00ABEA48 /* CoreGraphics.framework */,
			);
			name = Frameworks;
			sourceTree = "<group>";
		};
		ABE18CAB1503839D00ABEA48 /* MultipleAlertViews */ = {
			isa = PBXGroup;
			children = (
				ABE18CB41503839D00ABEA48 /* AppDelegate.h */,
				ABE18CB51503839D00ABEA48 /* AppDelegate.m */,
				ABE18CB71503839D00ABEA48 /* MainStoryboard.storyboard */,
				ABE18CBA1503839D00ABEA48 /* ViewController.h */,
				ABE18CBB1503839D00ABEA48 /* ViewController.m */,
				ABE18CAC1503839D00ABEA48 /* Supporting Files */,
			);
			path = MultipleAlertViews;
			sourceTree = "<group>";
		};
		ABE18CAC1503839D00ABEA48 /* Supporting Files */ = {
			isa = PBXGroup;
			children = (
				ABE18CCA150388B000ABEA48 /* dragonfly.jpg */,
				ABE18CC6150387AF00ABEA48 /* dragonfly@2x.jpg */,
				ABE18CCB150388B000ABEA48 /* flower.jpg */,
				ABE18CC7150387AF00ABEA48 /* flower@2x.jpg */,
				ABE18CAD1503839D00ABEA48 /* MultipleAlertViews-Info.plist */,
				ABE18CAE1503839D00ABEA48 /* InfoPlist.strings */,
				ABE18CB11503839D00ABEA48 /* main.m */,
				ABE18CB31503839D00ABEA48 /* MultipleAlertViews-Prefix.pch */,
			);
			name = "Supporting Files";
			sourceTree = "<group>";
		};
/* End PBXGroup section */

/* Begin PBXNativeTarget section */
		ABE18CA01503839D00ABEA48 /* MultipleAlertViews */ = {
			isa = PBXNativeTarget;
			buildConfigurationList = ABE18CBF1503839D00ABEA48 /* Build configuration list for PBXNativeTarget "MultipleAlertViews" */;
			buildPhases = (
				ABE18C9D1503839D00ABEA48 /* Sources */,
				ABE18C9E1503839D00ABEA48 /* Frameworks */,
				ABE18C9F1503839D00ABEA48 /* Resources */,
			);
			buildRules = (
			);
			dependencies = (
			);
			name = MultipleAlertViews;
			productName = MultipleAlertViews;
			productReference = ABE18CA11503839D00ABEA48 /* MultipleAlertViews.app */;
			productType = "com.apple.product-type.application";
		};
/* End PBXNativeTarget section */

/* Begin PBXProject section */
		ABE18C981503839D00ABEA48 /* Project object */ = {
			isa = PBXProject;
			attributes = {
				LastUpgradeCheck = 0430;
			};
			buildConfigurationList = ABE18C9B1503839D00ABEA48 /* Build configuration list for PBXProject "MultipleAlertViews" */;
			compatibilityVersion = "Xcode 3.2";
			developmentRegion = English;
			hasScannedForEncodings = 0;
			knownRegions = (
				en,
			);
			mainGroup = ABE18C961503839D00ABEA48;
			productRefGroup = ABE18CA21503839D00ABEA48 /* Products */;
			projectDirPath = "";
			projectRoot = "";
			targets = (
				ABE18CA01503839D00ABEA48 /* MultipleAlertViews */,
			);
		};
/* End PBXProject section */

/* Begin PBXResourcesBuildPhase section */
		ABE18C9F1503839D00ABEA48 /* Resources */ = {
			isa = PBXResourcesBuildPhase;
			buildActionMask = 2147483647;
			files = (
				ABE18CB01503839D00ABEA48 /* InfoPlist.strings in Resources */,
				ABE18CB91503839D00ABEA48 /* MainStoryboard.storyboard in Resources */,
				ABE18CC8150387AF00ABEA48 /* dragonfly@2x.jpg in Resources */,
				ABE18CC9150387AF00ABEA48 /* flower@2x.jpg in Resources */,
				ABE18CCC150388B000ABEA48 /* dragonfly.jpg in Resources */,
				ABE18CCD150388B000ABEA48 /* flower.jpg in Resources */,
			);
			runOnlyForDeploymentPostprocessing = 0;
		};
/* End PBXResourcesBuildPhase section */

/* Begin PBXSourcesBuildPhase section */
		ABE18C9D1503839D00ABEA48 /* Sources */ = {
			isa = PBXSourcesBuildPhase;
			buildActionMask = 2147483647;
			files = (
				ABE18CB21503839D00ABEA48 /* main.m in Sources */,
				ABE18CB61503839D00ABEA48 /* AppDelegate.m in Sources */,
				ABE18CBC1503839D00ABEA48 /* ViewController.m in Sources */,
			);
			runOnlyForDeploymentPostprocessing = 0;
		};
/* End PBXSourcesBuildPhase section */

/* Begin PBXVariantGroup section */
		ABE18CAE1503839D00ABEA48 /* InfoPlist.strings */ = {
			isa = PBXVariantGroup;
			children = (
				ABE18CAF1503839D00ABEA48 /* en */,
			);
			name = InfoPlist.strings;
			sourceTree = "<group>";
		};
		ABE18CB71503839D00ABEA48 /* MainStoryboard.storyboard */ = {
			isa = PBXVariantGroup;
			children = (
				ABE18CB81503839D00ABEA48 /* en */,
			);
			name = MainStoryboard.storyboard;
			sourceTree = "<group>";
		};
/* End PBXVariantGroup section */

/* Begin XCBuildConfiguration section */
		ABE18CBD1503839D00ABEA48 /* Debug */ = {
			isa = XCBuildConfiguration;
			buildSettings = {
				ALWAYS_SEARCH_USER_PATHS = NO;
				ARCHS = "$(ARCHS_STANDARD_32_BIT)";
				CLANG_ENABLE_OBJC_ARC = YES;
				"CODE_SIGN_IDENTITY[sdk=iphoneos*]" = "iPhone Developer";
				COPY_PHASE_STRIP = NO;
				GCC_C_LANGUAGE_STANDARD = gnu99;
				GCC_DYNAMIC_NO_PIC = NO;
				GCC_OPTIMIZATION_LEVEL = 0;
				GCC_PREPROCESSOR_DEFINITIONS = (
					"DEBUG=1",
					"$(inherited)",
				);
				GCC_SYMBOLS_PRIVATE_EXTERN = NO;
				GCC_VERSION = com.apple.compilers.llvm.clang.1_0;
				GCC_WARN_ABOUT_RETURN_TYPE = YES;
				GCC_WARN_UNINITIALIZED_AUTOS = YES;
				GCC_WARN_UNUSED_VARIABLE = YES;
				IPHONEOS_DEPLOYMENT_TARGET = 5.0;
				SDKROOT = iphoneos;
			};
			name = Debug;
		};
		ABE18CBE1503839D00ABEA48 /* Release */ = {
			isa = XCBuildConfiguration;
			buildSettings = {
				ALWAYS_SEARCH_USER_PATHS = NO;
				ARCHS = "$(ARCHS_STANDARD_32_BIT)";
				CLANG_ENABLE_OBJC_ARC = YES;
				"CODE_SIGN_IDENTITY[sdk=iphoneos*]" = "iPhone Developer";
				COPY_PHASE_STRIP = YES;
				GCC_C_LANGUAGE_STANDARD = gnu99;
				GCC_VERSION = com.apple.compilers.llvm.clang.1_0;
				GCC_WARN_ABOUT_RETURN_TYPE = YES;
				GCC_WARN_UNINITIALIZED_AUTOS = YES;
				GCC_WARN_UNUSED_VARIABLE = YES;
				IPHONEOS_DEPLOYMENT_TARGET = 5.0;
				OTHER_CFLAGS = "-DNS_BLOCK_ASSERTIONS=1";
				SDKROOT = iphoneos;
				VALIDATE_PRODUCT = YES;
			};
			name = Release;
		};
		ABE18CC01503839D00ABEA48 /* Debug */ = {
			isa = XCBuildConfiguration;
			buildSettings = {
				GCC_PRECOMPILE_PREFIX_HEADER = YES;
				GCC_PREFIX_HEADER = "MultipleAlertViews/MultipleAlertViews-Prefix.pch";
				INFOPLIST_FILE = "MultipleAlertViews/MultipleAlertViews-Info.plist";
				PRODUCT_NAME = "$(TARGET_NAME)";
				WRAPPER_EXTENSION = app;
			};
			name = Debug;
		};
		ABE18CC11503839D00ABEA48 /* Release */ = {
			isa = XCBuildConfiguration;
			buildSettings = {
				GCC_PRECOMPILE_PREFIX_HEADER = YES;
				GCC_PREFIX_HEADER = "MultipleAlertViews/MultipleAlertViews-Prefix.pch";
				INFOPLIST_FILE = "MultipleAlertViews/MultipleAlertViews-Info.plist";
				PRODUCT_NAME = "$(TARGET_NAME)";
				WRAPPER_EXTENSION = app;
			};
			name = Release;
		};
/* End XCBuildConfiguration section */

/* Begin XCConfigurationList section */
		ABE18C9B1503839D00ABEA48 /* Build configuration list for PBXProject "MultipleAlertViews" */ = {
			isa = XCConfigurationList;
			buildConfigurations = (
				ABE18CBD1503839D00ABEA48 /* Debug */,
				ABE18CBE1503839D00ABEA48 /* Release */,
			);
			defaultConfigurationIsVisible = 0;
			defaultConfigurationName = Release;
		};
		ABE18CBF1503839D00ABEA48 /* Build configuration list for PBXNativeTarget "MultipleAlertViews" */ = {
			isa = XCConfigurationList;
			buildConfigurations = (
				ABE18CC01503839D00ABEA48 /* Debug */,
				ABE18CC11503839D00ABEA48 /* Release */,
			);
			defaultConfigurationIsVisible = 0;
		};
/* End XCConfigurationList section */
	};
	rootObject = ABE18C981503839D00ABEA48 /* Project object */;
}
