// !$*UTF8*$!
{
	archiveVersion = 1;
	classes = {
	};
	objectVersion = 46;
	objects = {

/* Begin PBXBuildFile section */
		40E46CEB15112E99006F9FA4 /* UIKit.framework in Frameworks */ = {isa = PBXBuildFile; fileRef = 40E46CEA15112E99006F9FA4 /* UIKit.framework */; };
		40E46CED15112E99006F9FA4 /* Foundation.framework in Frameworks */ = {isa = PBXBuildFile; fileRef = 40E46CEC15112E99006F9FA4 /* Foundation.framework */; };
		40E46CEF15112E99006F9FA4 /* CoreGraphics.framework in Frameworks */ = {isa = PBXBuildFile; fileRef = 40E46CEE15112E99006F9FA4 /* CoreGraphics.framework */; };
		40E46CF515112E9A006F9FA4 /* InfoPlist.strings in Resources */ = {isa = PBXBuildFile; fileRef = 40E46CF315112E9A006F9FA4 /* InfoPlist.strings */; };
		40E46CF715112E9A006F9FA4 /* main.m in Sources */ = {isa = PBXBuildFile; fileRef = 40E46CF615112E9A006F9FA4 /* main.m */; };
		40E46CFB15112E9A006F9FA4 /* AppDelegate.m in Sources */ = {isa = PBXBuildFile; fileRef = 40E46CFA15112E9A006F9FA4 /* AppDelegate.m */; };
		40E46CFE15112E9A006F9FA4 /* ViewController.m in Sources */ = {isa = PBXBuildFile; fileRef = 40E46CFD15112E9A006F9FA4 /* ViewController.m */; };
		40E46D0115112E9A006F9FA4 /* ViewController.xib in Resources */ = {isa = PBXBuildFile; fileRef = 40E46CFF15112E9A006F9FA4 /* ViewController.xib */; };
/* End PBXBuildFile section */

/* Begin PBXFileReference section */
		40E46CE615112E99006F9FA4 /* Grunzlagen.app */ = {isa = PBXFileReference; explicitFileType = wrapper.application; includeInIndex = 0; path = Grunzlagen.app; sourceTree = BUILT_PRODUCTS_DIR; };
		40E46CEA15112E99006F9FA4 /* UIKit.framework */ = {isa = PBXFileReference; lastKnownFileType = wrapper.framework; name = UIKit.framework; path = System/Library/Frameworks/UIKit.framework; sourceTree = SDKROOT; };
		40E46CEC15112E99006F9FA4 /* Foundation.framework */ = {isa = PBXFileReference; lastKnownFileType = wrapper.framework; name = Foundation.framework; path = System/Library/Frameworks/Foundation.framework; sourceTree = SDKROOT; };
		40E46CEE15112E99006F9FA4 /* CoreGraphics.framework */ = {isa = PBXFileReference; lastKnownFileType = wrapper.framework; name = CoreGraphics.framework; path = System/Library/Frameworks/CoreGraphics.framework; sourceTree = SDKROOT; };
		40E46CF215112E9A006F9FA4 /* Grunzlagen-Info.plist */ = {isa = PBXFileReference; lastKnownFileType = text.plist.xml; path = "Grunzlagen-Info.plist"; sourceTree = "<group>"; };
		40E46CF415112E9A006F9FA4 /* en */ = {isa = PBXFileReference; lastKnownFileType = text.plist.strings; name = en; path = en.lproj/InfoPlist.strings; sourceTree = "<group>"; };
		40E46CF615112E9A006F9FA4 /* main.m */ = {isa = PBXFileReference; lastKnownFileType = sourcecode.c.objc; path = main.m; sourceTree = "<group>"; };
		40E46CF815112E9A006F9FA4 /* Grunzlagen-Prefix.pch */ = {isa = PBXFileReference; lastKnownFileType = sourcecode.c.h; path = "Grunzlagen-Prefix.pch"; sourceTree = "<group>"; };
		40E46CF915112E9A006F9FA4 /* AppDelegate.h */ = {isa = PBXFileReference; lastKnownFileType = sourcecode.c.h; path = AppDelegate.h; sourceTree = "<group>"; };
		40E46CFA15112E9A006F9FA4 /* AppDelegate.m */ = {isa = PBXFileReference; lastKnownFileType = sourcecode.c.objc; path = AppDelegate.m; sourceTree = "<group>"; };
		40E46CFC15112E9A006F9FA4 /* ViewController.h */ = {isa = PBXFileReference; lastKnownFileType = sourcecode.c.h; path = ViewController.h; sourceTree = "<group>"; };
		40E46CFD15112E9A006F9FA4 /* ViewController.m */ = {isa = PBXFileReference; lastKnownFileType = sourcecode.c.objc; path = ViewController.m; sourceTree = "<group>"; };
		40E46D0015112E9A006F9FA4 /* en */ = {isa = PBXFileReference; lastKnownFileType = file.xib; name = en; path = en.lproj/ViewController.xib; sourceTree = "<group>"; };
/* End PBXFileReference section */

/* Begin PBXFrameworksBuildPhase section */
		40E46CE315112E99006F9FA4 /* Frameworks */ = {
			isa = PBXFrameworksBuildPhase;
			buildActionMask = 2147483647;
			files = (
				40E46CEB15112E99006F9FA4 /* UIKit.framework in Frameworks */,
				40E46CED15112E99006F9FA4 /* Foundation.framework in Frameworks */,
				40E46CEF15112E99006F9FA4 /* CoreGraphics.framework in Frameworks */,
			);
			runOnlyForDeploymentPostprocessing = 0;
		};
/* End PBXFrameworksBuildPhase section */

/* Begin PBXGroup section */
		40E46CDB15112E99006F9FA4 = {
			isa = PBXGroup;
			children = (
				40E46CF015112E99006F9FA4 /* Grunzlagen */,
				40E46CE915112E99006F9FA4 /* Frameworks */,
				40E46CE715112E99006F9FA4 /* Products */,
			);
			sourceTree = "<group>";
		};
		40E46CE715112E99006F9FA4 /* Products */ = {
			isa = PBXGroup;
			children = (
				40E46CE615112E99006F9FA4 /* Grunzlagen.app */,
			);
			name = Products;
			sourceTree = "<group>";
		};
		40E46CE915112E99006F9FA4 /* Frameworks */ = {
			isa = PBXGroup;
			children = (
				40E46CEA15112E99006F9FA4 /* UIKit.framework */,
				40E46CEC15112E99006F9FA4 /* Foundation.framework */,
				40E46CEE15112E99006F9FA4 /* CoreGraphics.framework */,
			);
			name = Frameworks;
			sourceTree = "<group>";
		};
		40E46CF015112E99006F9FA4 /* Grunzlagen */ = {
			isa = PBXGroup;
			children = (
				40E46CF915112E9A006F9FA4 /* AppDelegate.h */,
				40E46CFA15112E9A006F9FA4 /* AppDelegate.m */,
				40E46CFC15112E9A006F9FA4 /* ViewController.h */,
				40E46CFD15112E9A006F9FA4 /* ViewController.m */,
				40E46CFF15112E9A006F9FA4 /* ViewController.xib */,
				40E46CF115112E9A006F9FA4 /* Supporting Files */,
			);
			path = Grunzlagen;
			sourceTree = "<group>";
		};
		40E46CF115112E9A006F9FA4 /* Supporting Files */ = {
			isa = PBXGroup;
			children = (
				40E46CF215112E9A006F9FA4 /* Grunzlagen-Info.plist */,
				40E46CF315112E9A006F9FA4 /* InfoPlist.strings */,
				40E46CF615112E9A006F9FA4 /* main.m */,
				40E46CF815112E9A006F9FA4 /* Grunzlagen-Prefix.pch */,
			);
			name = "Supporting Files";
			sourceTree = "<group>";
		};
/* End PBXGroup section */

/* Begin PBXNativeTarget section */
		40E46CE515112E99006F9FA4 /* Grunzlagen */ = {
			isa = PBXNativeTarget;
			buildConfigurationList = 40E46D0415112E9A006F9FA4 /* Build configuration list for PBXNativeTarget "Grunzlagen" */;
			buildPhases = (
				40E46CE215112E99006F9FA4 /* Sources */,
				40E46CE315112E99006F9FA4 /* Frameworks */,
				40E46CE415112E99006F9FA4 /* Resources */,
			);
			buildRules = (
			);
			dependencies = (
			);
			name = Grunzlagen;
			productName = Grunzlagen;
			productReference = 40E46CE615112E99006F9FA4 /* Grunzlagen.app */;
			productType = "com.apple.product-type.application";
		};
/* End PBXNativeTarget section */

/* Begin PBXProject section */
		40E46CDD15112E99006F9FA4 /* Project object */ = {
			isa = PBXProject;
			attributes = {
				LastUpgradeCheck = 0430;
			};
			buildConfigurationList = 40E46CE015112E99006F9FA4 /* Build configuration list for PBXProject "Grunzlagen" */;
			compatibilityVersion = "Xcode 3.2";
			developmentRegion = English;
			hasScannedForEncodings = 0;
			knownRegions = (
				en,
			);
			mainGroup = 40E46CDB15112E99006F9FA4;
			productRefGroup = 40E46CE715112E99006F9FA4 /* Products */;
			projectDirPath = "";
			projectRoot = "";
			targets = (
				40E46CE515112E99006F9FA4 /* Grunzlagen */,
			);
		};
/* End PBXProject section */

/* Begin PBXResourcesBuildPhase section */
		40E46CE415112E99006F9FA4 /* Resources */ = {
			isa = PBXResourcesBuildPhase;
			buildActionMask = 2147483647;
			files = (
				40E46CF515112E9A006F9FA4 /* InfoPlist.strings in Resources */,
				40E46D0115112E9A006F9FA4 /* ViewController.xib in Resources */,
			);
			runOnlyForDeploymentPostprocessing = 0;
		};
/* End PBXResourcesBuildPhase section */

/* Begin PBXSourcesBuildPhase section */
		40E46CE215112E99006F9FA4 /* Sources */ = {
			isa = PBXSourcesBuildPhase;
			buildActionMask = 2147483647;
			files = (
				40E46CF715112E9A006F9FA4 /* main.m in Sources */,
				40E46CFB15112E9A006F9FA4 /* AppDelegate.m in Sources */,
				40E46CFE15112E9A006F9FA4 /* ViewController.m in Sources */,
			);
			runOnlyForDeploymentPostprocessing = 0;
		};
/* End PBXSourcesBuildPhase section */

/* Begin PBXVariantGroup section */
		40E46CF315112E9A006F9FA4 /* InfoPlist.strings */ = {
			isa = PBXVariantGroup;
			children = (
				40E46CF415112E9A006F9FA4 /* en */,
			);
			name = InfoPlist.strings;
			sourceTree = "<group>";
		};
		40E46CFF15112E9A006F9FA4 /* ViewController.xib */ = {
			isa = PBXVariantGroup;
			children = (
				40E46D0015112E9A006F9FA4 /* en */,
			);
			name = ViewController.xib;
			sourceTree = "<group>";
		};
/* End PBXVariantGroup section */

/* Begin XCBuildConfiguration section */
		40E46D0215112E9A006F9FA4 /* Debug */ = {
			isa = XCBuildConfiguration;
			buildSettings = {
				ALWAYS_SEARCH_USER_PATHS = NO;
				ARCHS = "$(ARCHS_STANDARD_32_BIT)";
				"CODE_SIGN_IDENTITY[sdk=iphoneos*]" = "iPhone Developer";
				COPY_PHASE_STRIP = NO;
				GCC_C_LANGUAGE_STANDARD = gnu99;
				GCC_DYNAMIC_NO_PIC = NO;
				GCC_OPTIMIZATION_LEVEL = 0;
				GCC_PREPROCESSOR_DEFINITIONS = (
					"DEBUG=1",
					"$(inherited)",
				);
				GCC_SYMBOLS_PRIVATE_EXTERN = NO;
				GCC_VERSION = com.apple.compilers.llvm.clang.1_0;
				GCC_WARN_ABOUT_RETURN_TYPE = YES;
				GCC_WARN_UNINITIALIZED_AUTOS = YES;
				GCC_WARN_UNUSED_VARIABLE = YES;
				IPHONEOS_DEPLOYMENT_TARGET = 5.1;
				SDKROOT = iphoneos;
			};
			name = Debug;
		};
		40E46D0315112E9A006F9FA4 /* Release */ = {
			isa = XCBuildConfiguration;
			buildSettings = {
				ALWAYS_SEARCH_USER_PATHS = NO;
				ARCHS = "$(ARCHS_STANDARD_32_BIT)";
				"CODE_SIGN_IDENTITY[sdk=iphoneos*]" = "iPhone Developer";
				COPY_PHASE_STRIP = YES;
				GCC_C_LANGUAGE_STANDARD = gnu99;
				GCC_VERSION = com.apple.compilers.llvm.clang.1_0;
				GCC_WARN_ABOUT_RETURN_TYPE = YES;
				GCC_WARN_UNINITIALIZED_AUTOS = YES;
				GCC_WARN_UNUSED_VARIABLE = YES;
				IPHONEOS_DEPLOYMENT_TARGET = 5.1;
				OTHER_CFLAGS = "-DNS_BLOCK_ASSERTIONS=1";
				SDKROOT = iphoneos;
				VALIDATE_PRODUCT = YES;
			};
			name = Release;
		};
		40E46D0515112E9A006F9FA4 /* Debug */ = {
			isa = XCBuildConfiguration;
			buildSettings = {
				GCC_PRECOMPILE_PREFIX_HEADER = YES;
				GCC_PREFIX_HEADER = "Grunzlagen/Grunzlagen-Prefix.pch";
				INFOPLIST_FILE = "Grunzlagen/Grunzlagen-Info.plist";
				PRODUCT_NAME = "$(TARGET_NAME)";
				WRAPPER_EXTENSION = app;
			};
			name = Debug;
		};
		40E46D0615112E9A006F9FA4 /* Release */ = {
			isa = XCBuildConfiguration;
			buildSettings = {
				GCC_PRECOMPILE_PREFIX_HEADER = YES;
				GCC_PREFIX_HEADER = "Grunzlagen/Grunzlagen-Prefix.pch";
				INFOPLIST_FILE = "Grunzlagen/Grunzlagen-Info.plist";
				PRODUCT_NAME = "$(TARGET_NAME)";
				WRAPPER_EXTENSION = app;
			};
			name = Release;
		};
/* End XCBuildConfiguration section */

/* Begin XCConfigurationList section */
		40E46CE015112E99006F9FA4 /* Build configuration list for PBXProject "Grunzlagen" */ = {
			isa = XCConfigurationList;
			buildConfigurations = (
				40E46D0215112E9A006F9FA4 /* Debug */,
				40E46D0315112E9A006F9FA4 /* Release */,
			);
			defaultConfigurationIsVisible = 0;
			defaultConfigurationName = Release;
		};
		40E46D0415112E9A006F9FA4 /* Build configuration list for PBXNativeTarget "Grunzlagen" */ = {
			isa = XCConfigurationList;
			buildConfigurations = (
				40E46D0515112E9A006F9FA4 /* Debug */,
				40E46D0615112E9A006F9FA4 /* Release */,
			);
			defaultConfigurationIsVisible = 0;
		};
/* End XCConfigurationList section */
	};
	rootObject = 40E46CDD15112E99006F9FA4 /* Project object */;
}
