// !$*UTF8*$!
{
	archiveVersion = 1;
	classes = {
	};
	objectVersion = 46;
	objects = {

/* Begin PBXBuildFile section */
		ABA510CE13F308F9000B0CA8 /* UIKit.framework in Frameworks */ = {isa = PBXBuildFile; fileRef = ABA510CD13F308F9000B0CA8 /* UIKit.framework */; };
		ABA510D013F308F9000B0CA8 /* Foundation.framework in Frameworks */ = {isa = PBXBuildFile; fileRef = ABA510CF13F308F9000B0CA8 /* Foundation.framework */; };
		ABA510D213F308F9000B0CA8 /* CoreGraphics.framework in Frameworks */ = {isa = PBXBuildFile; fileRef = ABA510D113F308F9000B0CA8 /* CoreGraphics.framework */; };
		ABA510D813F308F9000B0CA8 /* InfoPlist.strings in Resources */ = {isa = PBXBuildFile; fileRef = ABA510D613F308F9000B0CA8 /* InfoPlist.strings */; };
		ABA510DA13F308F9000B0CA8 /* main.m in Sources */ = {isa = PBXBuildFile; fileRef = ABA510D913F308F9000B0CA8 /* main.m */; };
		ABA510DE13F308F9000B0CA8 /* SecondClockAppDelegate.m in Sources */ = {isa = PBXBuildFile; fileRef = ABA510DD13F308F9000B0CA8 /* SecondClockAppDelegate.m */; };
		ABA510E113F308F9000B0CA8 /* MainStoryboard.storyboard in Resources */ = {isa = PBXBuildFile; fileRef = ABA510DF13F308F9000B0CA8 /* MainStoryboard.storyboard */; };
		ABA510E413F308F9000B0CA8 /* SecondClockViewController.m in Sources */ = {isa = PBXBuildFile; fileRef = ABA510E313F308F9000B0CA8 /* SecondClockViewController.m */; };
		ABA5110313F3131F000B0CA8 /* libClockFramework.a in Frameworks */ = {isa = PBXBuildFile; fileRef = ABA5110213F30FF3000B0CA8 /* libClockFramework.a */; };
		ABD515891400059F00B2E722 /* UIKit.framework in Frameworks */ = {isa = PBXBuildFile; fileRef = ABA510CD13F308F9000B0CA8 /* UIKit.framework */; };
		ABD5158A1400059F00B2E722 /* Foundation.framework in Frameworks */ = {isa = PBXBuildFile; fileRef = ABA510CF13F308F9000B0CA8 /* Foundation.framework */; };
		ABD5158B1400059F00B2E722 /* CoreGraphics.framework in Frameworks */ = {isa = PBXBuildFile; fileRef = ABA510D113F308F9000B0CA8 /* CoreGraphics.framework */; };
		ABD515911400059F00B2E722 /* InfoPlist.strings in Resources */ = {isa = PBXBuildFile; fileRef = ABD5158F1400059F00B2E722 /* InfoPlist.strings */; };
		ABD515931400059F00B2E722 /* main.m in Sources */ = {isa = PBXBuildFile; fileRef = ABD515921400059F00B2E722 /* main.m */; };
		ABD515971400059F00B2E722 /* BlackClockAppDelegate.m in Sources */ = {isa = PBXBuildFile; fileRef = ABD515961400059F00B2E722 /* BlackClockAppDelegate.m */; };
/* End PBXBuildFile section */

/* Begin PBXContainerItemProxy section */
		ABA5110113F30FF3000B0CA8 /* PBXContainerItemProxy */ = {
			isa = PBXContainerItemProxy;
			containerPortal = ABA510FD13F30FF3000B0CA8 /* ClockFramework.xcodeproj */;
			proxyType = 2;
			remoteGlobalIDString = AB469A5913F059D700FC4A91;
			remoteInfo = ClockFramework;
		};
/* End PBXContainerItemProxy section */

/* Begin PBXFileReference section */
		ABA510C913F308F9000B0CA8 /* SecondClock.app */ = {isa = PBXFileReference; explicitFileType = wrapper.application; includeInIndex = 0; path = SecondClock.app; sourceTree = BUILT_PRODUCTS_DIR; };
		ABA510CD13F308F9000B0CA8 /* UIKit.framework */ = {isa = PBXFileReference; lastKnownFileType = wrapper.framework; name = UIKit.framework; path = System/Library/Frameworks/UIKit.framework; sourceTree = SDKROOT; };
		ABA510CF13F308F9000B0CA8 /* Foundation.framework */ = {isa = PBXFileReference; lastKnownFileType = wrapper.framework; name = Foundation.framework; path = System/Library/Frameworks/Foundation.framework; sourceTree = SDKROOT; };
		ABA510D113F308F9000B0CA8 /* CoreGraphics.framework */ = {isa = PBXFileReference; lastKnownFileType = wrapper.framework; name = CoreGraphics.framework; path = System/Library/Frameworks/CoreGraphics.framework; sourceTree = SDKROOT; };
		ABA510D513F308F9000B0CA8 /* SecondClock-Info.plist */ = {isa = PBXFileReference; lastKnownFileType = text.plist.xml; path = "SecondClock-Info.plist"; sourceTree = "<group>"; };
		ABA510D713F308F9000B0CA8 /* en */ = {isa = PBXFileReference; lastKnownFileType = text.plist.strings; name = en; path = en.lproj/InfoPlist.strings; sourceTree = "<group>"; };
		ABA510D913F308F9000B0CA8 /* main.m */ = {isa = PBXFileReference; lastKnownFileType = sourcecode.c.objc; path = main.m; sourceTree = "<group>"; };
		ABA510DB13F308F9000B0CA8 /* SecondClock-Prefix.pch */ = {isa = PBXFileReference; lastKnownFileType = sourcecode.c.h; path = "SecondClock-Prefix.pch"; sourceTree = "<group>"; };
		ABA510DC13F308F9000B0CA8 /* SecondClockAppDelegate.h */ = {isa = PBXFileReference; lastKnownFileType = sourcecode.c.h; path = SecondClockAppDelegate.h; sourceTree = "<group>"; };
		ABA510DD13F308F9000B0CA8 /* SecondClockAppDelegate.m */ = {isa = PBXFileReference; lastKnownFileType = sourcecode.c.objc; path = SecondClockAppDelegate.m; sourceTree = "<group>"; };
		ABA510E013F308F9000B0CA8 /* en */ = {isa = PBXFileReference; lastKnownFileType = file.storyboard; name = en; path = en.lproj/MainStoryboard.storyboard; sourceTree = "<group>"; };
		ABA510E213F308F9000B0CA8 /* SecondClockViewController.h */ = {isa = PBXFileReference; lastKnownFileType = sourcecode.c.h; path = SecondClockViewController.h; sourceTree = "<group>"; };
		ABA510E313F308F9000B0CA8 /* SecondClockViewController.m */ = {isa = PBXFileReference; lastKnownFileType = sourcecode.c.objc; path = SecondClockViewController.m; sourceTree = "<group>"; };
		ABA510FD13F30FF3000B0CA8 /* ClockFramework.xcodeproj */ = {isa = PBXFileReference; lastKnownFileType = "wrapper.pb-project"; name = ClockFramework.xcodeproj; path = ../ClockFramework/ClockFramework.xcodeproj; sourceTree = "<group>"; };
		ABD5158213FFF01E00B2E722 /* ClockFramework.xcconfig */ = {isa = PBXFileReference; lastKnownFileType = text.xcconfig; name = ClockFramework.xcconfig; path = ../ClockFramework.xcconfig; sourceTree = "<group>"; };
		ABD515871400059F00B2E722 /* BlackClock.app */ = {isa = PBXFileReference; explicitFileType = wrapper.application; includeInIndex = 0; path = BlackClock.app; sourceTree = BUILT_PRODUCTS_DIR; };
		ABD5158E1400059F00B2E722 /* BlackClock-Info.plist */ = {isa = PBXFileReference; path = "BlackClock-Info.plist"; sourceTree = "<group>"; };
		ABD515901400059F00B2E722 /* en */ = {isa = PBXFileReference; lastKnownFileType = text.plist.strings; name = en; path = en.lproj/InfoPlist.strings; sourceTree = "<group>"; };
		ABD515921400059F00B2E722 /* main.m */ = {isa = PBXFileReference; lastKnownFileType = sourcecode.c.objc; path = main.m; sourceTree = "<group>"; };
		ABD515941400059F00B2E722 /* BlackClock-Prefix.pch */ = {isa = PBXFileReference; path = "BlackClock-Prefix.pch"; sourceTree = "<group>"; };
		ABD515951400059F00B2E722 /* BlackClockAppDelegate.h */ = {isa = PBXFileReference; path = BlackClockAppDelegate.h; sourceTree = "<group>"; };
		ABD515961400059F00B2E722 /* BlackClockAppDelegate.m */ = {isa = PBXFileReference; lastKnownFileType = sourcecode.c.objc; path = BlackClockAppDelegate.m; sourceTree = "<group>"; };
/* End PBXFileReference section */

/* Begin PBXFrameworksBuildPhase section */
		ABA510C613F308F9000B0CA8 /* Frameworks */ = {
			isa = PBXFrameworksBuildPhase;
			buildActionMask = 2147483647;
			files = (
				ABA5110313F3131F000B0CA8 /* libClockFramework.a in Frameworks */,
				ABA510CE13F308F9000B0CA8 /* UIKit.framework in Frameworks */,
				ABA510D013F308F9000B0CA8 /* Foundation.framework in Frameworks */,
				ABA510D213F308F9000B0CA8 /* CoreGraphics.framework in Frameworks */,
			);
			runOnlyForDeploymentPostprocessing = 0;
		};
		ABD515841400059F00B2E722 /* Frameworks */ = {
			isa = PBXFrameworksBuildPhase;
			buildActionMask = 2147483647;
			files = (
				ABD515891400059F00B2E722 /* UIKit.framework in Frameworks */,
				ABD5158A1400059F00B2E722 /* Foundation.framework in Frameworks */,
				ABD5158B1400059F00B2E722 /* CoreGraphics.framework in Frameworks */,
			);
			runOnlyForDeploymentPostprocessing = 0;
		};
/* End PBXFrameworksBuildPhase section */

/* Begin PBXGroup section */
		ABA510BE13F308F8000B0CA8 = {
			isa = PBXGroup;
			children = (
				ABD5158213FFF01E00B2E722 /* ClockFramework.xcconfig */,
				ABA510FD13F30FF3000B0CA8 /* ClockFramework.xcodeproj */,
				ABA510D313F308F9000B0CA8 /* SecondClock */,
				ABD5158C1400059F00B2E722 /* BlackClock */,
				ABA510CC13F308F9000B0CA8 /* Frameworks */,
				ABA510CA13F308F9000B0CA8 /* Products */,
			);
			sourceTree = "<group>";
		};
		ABA510CA13F308F9000B0CA8 /* Products */ = {
			isa = PBXGroup;
			children = (
				ABA510C913F308F9000B0CA8 /* SecondClock.app */,
				ABD515871400059F00B2E722 /* BlackClock.app */,
			);
			name = Products;
			sourceTree = "<group>";
		};
		ABA510CC13F308F9000B0CA8 /* Frameworks */ = {
			isa = PBXGroup;
			children = (
				ABA510CD13F308F9000B0CA8 /* UIKit.framework */,
				ABA510CF13F308F9000B0CA8 /* Foundation.framework */,
				ABA510D113F308F9000B0CA8 /* CoreGraphics.framework */,
			);
			name = Frameworks;
			sourceTree = "<group>";
		};
		ABA510D313F308F9000B0CA8 /* SecondClock */ = {
			isa = PBXGroup;
			children = (
				ABA510DC13F308F9000B0CA8 /* SecondClockAppDelegate.h */,
				ABA510DD13F308F9000B0CA8 /* SecondClockAppDelegate.m */,
				ABA510DF13F308F9000B0CA8 /* MainStoryboard.storyboard */,
				ABA510E213F308F9000B0CA8 /* SecondClockViewController.h */,
				ABA510E313F308F9000B0CA8 /* SecondClockViewController.m */,
				ABA510D413F308F9000B0CA8 /* Supporting Files */,
			);
			path = SecondClock;
			sourceTree = "<group>";
		};
		ABA510D413F308F9000B0CA8 /* Supporting Files */ = {
			isa = PBXGroup;
			children = (
				ABA510D513F308F9000B0CA8 /* SecondClock-Info.plist */,
				ABA510D613F308F9000B0CA8 /* InfoPlist.strings */,
				ABA510D913F308F9000B0CA8 /* main.m */,
				ABA510DB13F308F9000B0CA8 /* SecondClock-Prefix.pch */,
			);
			name = "Supporting Files";
			sourceTree = "<group>";
		};
		ABA510FE13F30FF3000B0CA8 /* Products */ = {
			isa = PBXGroup;
			children = (
				ABA5110213F30FF3000B0CA8 /* libClockFramework.a */,
			);
			name = Products;
			sourceTree = "<group>";
		};
		ABD5158C1400059F00B2E722 /* BlackClock */ = {
			isa = PBXGroup;
			children = (
				ABD515951400059F00B2E722 /* BlackClockAppDelegate.h */,
				ABD515961400059F00B2E722 /* BlackClockAppDelegate.m */,
				ABD5158D1400059F00B2E722 /* Supporting Files */,
			);
			path = BlackClock;
			sourceTree = "<group>";
		};
		ABD5158D1400059F00B2E722 /* Supporting Files */ = {
			isa = PBXGroup;
			children = (
				ABD5158E1400059F00B2E722 /* BlackClock-Info.plist */,
				ABD5158F1400059F00B2E722 /* InfoPlist.strings */,
				ABD515921400059F00B2E722 /* main.m */,
				ABD515941400059F00B2E722 /* BlackClock-Prefix.pch */,
			);
			name = "Supporting Files";
			sourceTree = "<group>";
		};
/* End PBXGroup section */

/* Begin PBXNativeTarget section */
		ABA510C813F308F9000B0CA8 /* SecondClock */ = {
			isa = PBXNativeTarget;
			buildConfigurationList = ABA510E713F308F9000B0CA8 /* Build configuration list for PBXNativeTarget "SecondClock" */;
			buildPhases = (
				ABA510C513F308F9000B0CA8 /* Sources */,
				ABA510C613F308F9000B0CA8 /* Frameworks */,
				ABA510C713F308F9000B0CA8 /* Resources */,
			);
			buildRules = (
			);
			dependencies = (
			);
			name = SecondClock;
			productName = SecondClock;
			productReference = ABA510C913F308F9000B0CA8 /* SecondClock.app */;
			productType = "com.apple.product-type.application";
		};
		ABD515861400059F00B2E722 /* BlackClock */ = {
			isa = PBXNativeTarget;
			buildConfigurationList = ABD515981400059F00B2E722 /* Build configuration list for PBXNativeTarget "BlackClock" */;
			buildPhases = (
				ABD515831400059F00B2E722 /* Sources */,
				ABD515841400059F00B2E722 /* Frameworks */,
				ABD515851400059F00B2E722 /* Resources */,
			);
			buildRules = (
			);
			dependencies = (
			);
			name = BlackClock;
			productName = BlackClock;
			productReference = ABD515871400059F00B2E722 /* BlackClock.app */;
			productType = "com.apple.product-type.application";
		};
/* End PBXNativeTarget section */

/* Begin PBXProject section */
		ABA510C013F308F8000B0CA8 /* Project object */ = {
			isa = PBXProject;
			attributes = {
				LastUpgradeCheck = 0420;
			};
			buildConfigurationList = ABA510C313F308F8000B0CA8 /* Build configuration list for PBXProject "SecondClock" */;
			compatibilityVersion = "Xcode 3.2";
			developmentRegion = English;
			hasScannedForEncodings = 0;
			knownRegions = (
				en,
			);
			mainGroup = ABA510BE13F308F8000B0CA8;
			productRefGroup = ABA510CA13F308F9000B0CA8 /* Products */;
			projectDirPath = "";
			projectReferences = (
				{
					ProductGroup = ABA510FE13F30FF3000B0CA8 /* Products */;
					ProjectRef = ABA510FD13F30FF3000B0CA8 /* ClockFramework.xcodeproj */;
				},
			);
			projectRoot = "";
			targets = (
				ABA510C813F308F9000B0CA8 /* SecondClock */,
				ABD515861400059F00B2E722 /* BlackClock */,
			);
		};
/* End PBXProject section */

/* Begin PBXReferenceProxy section */
		ABA5110213F30FF3000B0CA8 /* libClockFramework.a */ = {
			isa = PBXReferenceProxy;
			fileType = archive.ar;
			path = libClockFramework.a;
			remoteRef = ABA5110113F30FF3000B0CA8 /* PBXContainerItemProxy */;
			sourceTree = BUILT_PRODUCTS_DIR;
		};
/* End PBXReferenceProxy section */

/* Begin PBXResourcesBuildPhase section */
		ABA510C713F308F9000B0CA8 /* Resources */ = {
			isa = PBXResourcesBuildPhase;
			buildActionMask = 2147483647;
			files = (
				ABA510D813F308F9000B0CA8 /* InfoPlist.strings in Resources */,
				ABA510E113F308F9000B0CA8 /* MainStoryboard.storyboard in Resources */,
			);
			runOnlyForDeploymentPostprocessing = 0;
		};
		ABD515851400059F00B2E722 /* Resources */ = {
			isa = PBXResourcesBuildPhase;
			buildActionMask = 2147483647;
			files = (
				ABD515911400059F00B2E722 /* InfoPlist.strings in Resources */,
			);
			runOnlyForDeploymentPostprocessing = 0;
		};
/* End PBXResourcesBuildPhase section */

/* Begin PBXSourcesBuildPhase section */
		ABA510C513F308F9000B0CA8 /* Sources */ = {
			isa = PBXSourcesBuildPhase;
			buildActionMask = 2147483647;
			files = (
				ABA510DA13F308F9000B0CA8 /* main.m in Sources */,
				ABA510DE13F308F9000B0CA8 /* SecondClockAppDelegate.m in Sources */,
				ABA510E413F308F9000B0CA8 /* SecondClockViewController.m in Sources */,
			);
			runOnlyForDeploymentPostprocessing = 0;
		};
		ABD515831400059F00B2E722 /* Sources */ = {
			isa = PBXSourcesBuildPhase;
			buildActionMask = 2147483647;
			files = (
				ABD515931400059F00B2E722 /* main.m in Sources */,
				ABD515971400059F00B2E722 /* BlackClockAppDelegate.m in Sources */,
			);
			runOnlyForDeploymentPostprocessing = 0;
		};
/* End PBXSourcesBuildPhase section */

/* Begin PBXVariantGroup section */
		ABA510D613F308F9000B0CA8 /* InfoPlist.strings */ = {
			isa = PBXVariantGroup;
			children = (
				ABA510D713F308F9000B0CA8 /* en */,
			);
			name = InfoPlist.strings;
			sourceTree = "<group>";
		};
		ABA510DF13F308F9000B0CA8 /* MainStoryboard.storyboard */ = {
			isa = PBXVariantGroup;
			children = (
				ABA510E013F308F9000B0CA8 /* en */,
			);
			name = MainStoryboard.storyboard;
			sourceTree = "<group>";
		};
		ABD5158F1400059F00B2E722 /* InfoPlist.strings */ = {
			isa = PBXVariantGroup;
			children = (
				ABD515901400059F00B2E722 /* en */,
			);
			name = InfoPlist.strings;
			sourceTree = "<group>";
		};
/* End PBXVariantGroup section */

/* Begin XCBuildConfiguration section */
		ABA510E513F308F9000B0CA8 /* Debug */ = {
			isa = XCBuildConfiguration;
			baseConfigurationReference = ABD5158213FFF01E00B2E722 /* ClockFramework.xcconfig */;
			buildSettings = {
				ALWAYS_SEARCH_USER_PATHS = NO;
				ARCHS = "$(ARCHS_STANDARD_32_BIT)";
				CLANG_ENABLE_OBJC_ARC = YES;
				"CODE_SIGN_IDENTITY[sdk=iphoneos*]" = "iPhone Developer";
				COPY_PHASE_STRIP = NO;
				GCC_C_LANGUAGE_STANDARD = gnu99;
				GCC_DYNAMIC_NO_PIC = NO;
				GCC_OPTIMIZATION_LEVEL = 0;
				GCC_PREPROCESSOR_DEFINITIONS = (
					"DEBUG=1",
					"$(inherited)",
				);
				GCC_SYMBOLS_PRIVATE_EXTERN = NO;
				GCC_VERSION = com.apple.compilers.llvm.clang.1_0;
				GCC_WARN_ABOUT_MISSING_PROTOTYPES = YES;
				GCC_WARN_ABOUT_RETURN_TYPE = YES;
				GCC_WARN_UNUSED_VARIABLE = YES;
				IPHONEOS_DEPLOYMENT_TARGET = 5.0;
				SDKROOT = iphoneos;
			};
			name = Debug;
		};
		ABA510E613F308F9000B0CA8 /* Release */ = {
			isa = XCBuildConfiguration;
			baseConfigurationReference = ABD5158213FFF01E00B2E722 /* ClockFramework.xcconfig */;
			buildSettings = {
				ALWAYS_SEARCH_USER_PATHS = NO;
				ARCHS = "$(ARCHS_STANDARD_32_BIT)";
				CLANG_ENABLE_OBJC_ARC = YES;
				"CODE_SIGN_IDENTITY[sdk=iphoneos*]" = "iPhone Developer";
				COPY_PHASE_STRIP = YES;
				GCC_C_LANGUAGE_STANDARD = gnu99;
				GCC_VERSION = com.apple.compilers.llvm.clang.1_0;
				GCC_WARN_ABOUT_MISSING_PROTOTYPES = YES;
				GCC_WARN_ABOUT_RETURN_TYPE = YES;
				GCC_WARN_UNUSED_VARIABLE = YES;
				IPHONEOS_DEPLOYMENT_TARGET = 5.0;
				OTHER_CFLAGS = "-DNS_BLOCK_ASSERTIONS=1";
				SDKROOT = iphoneos;
				VALIDATE_PRODUCT = YES;
			};
			name = Release;
		};
		ABA510E813F308F9000B0CA8 /* Debug */ = {
			isa = XCBuildConfiguration;
			buildSettings = {
				GCC_PRECOMPILE_PREFIX_HEADER = YES;
				GCC_PREFIX_HEADER = "SecondClock/SecondClock-Prefix.pch";
				INFOPLIST_FILE = "SecondClock/SecondClock-Info.plist";
				PRODUCT_NAME = "$(TARGET_NAME)";
				WRAPPER_EXTENSION = app;
			};
			name = Debug;
		};
		ABA510E913F308F9000B0CA8 /* Release */ = {
			isa = XCBuildConfiguration;
			buildSettings = {
				GCC_PRECOMPILE_PREFIX_HEADER = YES;
				GCC_PREFIX_HEADER = "SecondClock/SecondClock-Prefix.pch";
				INFOPLIST_FILE = "SecondClock/SecondClock-Info.plist";
				PRODUCT_NAME = "$(TARGET_NAME)";
				WRAPPER_EXTENSION = app;
			};
			name = Release;
		};
		ABD515991400059F00B2E722 /* Debug */ = {
			isa = XCBuildConfiguration;
			buildSettings = {
				"CODE_SIGN_IDENTITY[sdk=iphoneos*]" = "iPhone Developer";
				GCC_PRECOMPILE_PREFIX_HEADER = YES;
				GCC_PREFIX_HEADER = "BlackClock/BlackClock-Prefix.pch";
				INFOPLIST_FILE = "BlackClock/BlackClock-Info.plist";
				PRODUCT_NAME = "$(TARGET_NAME)";
				WRAPPER_EXTENSION = app;
			};
			name = Debug;
		};
		ABD5159A1400059F00B2E722 /* Release */ = {
			isa = XCBuildConfiguration;
			buildSettings = {
				"CODE_SIGN_IDENTITY[sdk=iphoneos*]" = "iPhone Developer";
				GCC_PRECOMPILE_PREFIX_HEADER = YES;
				GCC_PREFIX_HEADER = "BlackClock/BlackClock-Prefix.pch";
				INFOPLIST_FILE = "BlackClock/BlackClock-Info.plist";
				PRODUCT_NAME = "$(TARGET_NAME)";
				WRAPPER_EXTENSION = app;
			};
			name = Release;
		};
/* End XCBuildConfiguration section */

/* Begin XCConfigurationList section */
		ABA510C313F308F8000B0CA8 /* Build configuration list for PBXProject "SecondClock" */ = {
			isa = XCConfigurationList;
			buildConfigurations = (
				ABA510E513F308F9000B0CA8 /* Debug */,
				ABA510E613F308F9000B0CA8 /* Release */,
			);
			defaultConfigurationIsVisible = 0;
			defaultConfigurationName = Release;
		};
		ABA510E713F308F9000B0CA8 /* Build configuration list for PBXNativeTarget "SecondClock" */ = {
			isa = XCConfigurationList;
			buildConfigurations = (
				ABA510E813F308F9000B0CA8 /* Debug */,
				ABA510E913F308F9000B0CA8 /* Release */,
			);
			defaultConfigurationIsVisible = 0;
			defaultConfigurationName = Release;
		};
		ABD515981400059F00B2E722 /* Build configuration list for PBXNativeTarget "BlackClock" */ = {
			isa = XCConfigurationList;
			buildConfigurations = (
				ABD515991400059F00B2E722 /* Debug */,
				ABD5159A1400059F00B2E722 /* Release */,
			);
			defaultConfigurationIsVisible = 0;
		};
/* End XCConfigurationList section */
	};
	rootObject = ABA510C013F308F8000B0CA8 /* Project object */;
}
